// !$*UTF8*$!
{
	archiveVersion = 1;
	classes = {
	};
	objectVersion = 56;
	objects = {

/* Begin PBXBuildFile section */
		529B59972AF3773800E6208E /* MusicAppApp.swift in Sources */ = {isa = PBXBuildFile; fileRef = 529B59962AF3773800E6208E /* MusicAppApp.swift */; };
		529B59992AF3773800E6208E /* ContentView.swift in Sources */ = {isa = PBXBuildFile; fileRef = 529B59982AF3773800E6208E /* ContentView.swift */; };
		529B599B2AF3773900E6208E /* Assets.xcassets in Resources */ = {isa = PBXBuildFile; fileRef = 529B599A2AF3773900E6208E /* Assets.xcassets */; };
		529B599F2AF3773900E6208E /* Preview Assets.xcassets in Resources */ = {isa = PBXBuildFile; fileRef = 529B599E2AF3773900E6208E /* Preview Assets.xcassets */; };
		529B59A62AF378FB00E6208E /* topTracks.json in Resources */ = {isa = PBXBuildFile; fileRef = 529B59A52AF378FB00E6208E /* topTracks.json */; };
		529B59A82AF3791000E6208E /* MusicElement.swift in Sources */ = {isa = PBXBuildFile; fileRef = 529B59A72AF3791000E6208E /* MusicElement.swift */; };
		529B59AA2AF379D200E6208E /* MusicData.swift in Sources */ = {isa = PBXBuildFile; fileRef = 529B59A92AF379D200E6208E /* MusicData.swift */; };
		529B59AC2AF37D7C00E6208E /* MusicStore.swift in Sources */ = {isa = PBXBuildFile; fileRef = 529B59AB2AF37D7C00E6208E /* MusicStore.swift */; };
		529B59B02AF3D4EC00E6208E /* PlayMusic.swift in Sources */ = {isa = PBXBuildFile; fileRef = 529B59AF2AF3D4EC00E6208E /* PlayMusic.swift */; };
		529B59B22AF3D50500E6208E /* BottomDrawer.swift in Sources */ = {isa = PBXBuildFile; fileRef = 529B59B12AF3D50500E6208E /* BottomDrawer.swift */; };
		529B59B62AF3D51500E6208E /* DrawerExtension.swift in Sources */ = {isa = PBXBuildFile; fileRef = 529B59B32AF3D51500E6208E /* DrawerExtension.swift */; };
		529B59B72AF3D51500E6208E /* CustomCorners.swift in Sources */ = {isa = PBXBuildFile; fileRef = 529B59B42AF3D51500E6208E /* CustomCorners.swift */; };
		529B59B82AF3D51500E6208E /* BottomDrawerModifier.swift in Sources */ = {isa = PBXBuildFile; fileRef = 529B59B52AF3D51500E6208E /* BottomDrawerModifier.swift */; };
		529B59BA2AF3E4FA00E6208E /* NewPlayList.swift in Sources */ = {isa = PBXBuildFile; fileRef = 529B59B92AF3E4FA00E6208E /* NewPlayList.swift */; };
/* End PBXBuildFile section */

/* Begin PBXFileReference section */
		529B59932AF3773800E6208E /* MusicApp.app */ = {isa = PBXFileReference; explicitFileType = wrapper.application; includeInIndex = 0; path = MusicApp.app; sourceTree = BUILT_PRODUCTS_DIR; };
		529B59962AF3773800E6208E /* MusicAppApp.swift */ = {isa = PBXFileReference; lastKnownFileType = sourcecode.swift; path = MusicAppApp.swift; sourceTree = "<group>"; };
		529B59982AF3773800E6208E /* ContentView.swift */ = {isa = PBXFileReference; lastKnownFileType = sourcecode.swift; path = ContentView.swift; sourceTree = "<group>"; };
		529B599A2AF3773900E6208E /* Assets.xcassets */ = {isa = PBXFileReference; lastKnownFileType = folder.assetcatalog; path = Assets.xcassets; sourceTree = "<group>"; };
		529B599C2AF3773900E6208E /* MusicApp.entitlements */ = {isa = PBXFileReference; lastKnownFileType = text.plist.entitlements; path = MusicApp.entitlements; sourceTree = "<group>"; };
		529B599E2AF3773900E6208E /* Preview Assets.xcassets */ = {isa = PBXFileReference; lastKnownFileType = folder.assetcatalog; path = "Preview Assets.xcassets"; sourceTree = "<group>"; };
		529B59A52AF378FB00E6208E /* topTracks.json */ = {isa = PBXFileReference; fileEncoding = 4; lastKnownFileType = text.json; path = topTracks.json; sourceTree = "<group>"; };
		529B59A72AF3791000E6208E /* MusicElement.swift */ = {isa = PBXFileReference; lastKnownFileType = sourcecode.swift; path = MusicElement.swift; sourceTree = "<group>"; };
		529B59A92AF379D200E6208E /* MusicData.swift */ = {isa = PBXFileReference; lastKnownFileType = sourcecode.swift; path = MusicData.swift; sourceTree = "<group>"; };
		529B59AB2AF37D7C00E6208E /* MusicStore.swift */ = {isa = PBXFileReference; lastKnownFileType = sourcecode.swift; path = MusicStore.swift; sourceTree = "<group>"; };
		529B59AF2AF3D4EC00E6208E /* PlayMusic.swift */ = {isa = PBXFileReference; fileEncoding = 4; lastKnownFileType = sourcecode.swift; path = PlayMusic.swift; sourceTree = "<group>"; };
		529B59B12AF3D50500E6208E /* BottomDrawer.swift */ = {isa = PBXFileReference; fileEncoding = 4; lastKnownFileType = sourcecode.swift; path = BottomDrawer.swift; sourceTree = "<group>"; };
		529B59B32AF3D51500E6208E /* DrawerExtension.swift */ = {isa = PBXFileReference; fileEncoding = 4; lastKnownFileType = sourcecode.swift; path = DrawerExtension.swift; sourceTree = "<group>"; };
		529B59B42AF3D51500E6208E /* CustomCorners.swift */ = {isa = PBXFileReference; fileEncoding = 4; lastKnownFileType = sourcecode.swift; path = CustomCorners.swift; sourceTree = "<group>"; };
		529B59B52AF3D51500E6208E /* BottomDrawerModifier.swift */ = {isa = PBXFileReference; fileEncoding = 4; lastKnownFileType = sourcecode.swift; path = BottomDrawerModifier.swift; sourceTree = "<group>"; };
		529B59B92AF3E4FA00E6208E /* NewPlayList.swift */ = {isa = PBXFileReference; lastKnownFileType = sourcecode.swift; path = NewPlayList.swift; sourceTree = "<group>"; };
/* End PBXFileReference section */

/* Begin PBXFrameworksBuildPhase section */
		529B59902AF3773800E6208E /* Frameworks */ = {
			isa = PBXFrameworksBuildPhase;
			buildActionMask = 2147483647;
			files = (
			);
			runOnlyForDeploymentPostprocessing = 0;
		};
/* End PBXFrameworksBuildPhase section */

/* Begin PBXGroup section */
		529B598A2AF3773800E6208E = {
			isa = PBXGroup;
			children = (
				529B59AF2AF3D4EC00E6208E /* PlayMusic.swift */,
				529B59B12AF3D50500E6208E /* BottomDrawer.swift */,
				529B59B52AF3D51500E6208E /* BottomDrawerModifier.swift */,
				529B59B42AF3D51500E6208E /* CustomCorners.swift */,
				529B59B32AF3D51500E6208E /* DrawerExtension.swift */,
				529B59952AF3773800E6208E /* MusicApp */,
				529B59942AF3773800E6208E /* Products */,
			);
			sourceTree = "<group>";
		};
		529B59942AF3773800E6208E /* Products */ = {
			isa = PBXGroup;
			children = (
				529B59932AF3773800E6208E /* MusicApp.app */,
			);
			name = Products;
			sourceTree = "<group>";
		};
		529B59952AF3773800E6208E /* MusicApp */ = {
			isa = PBXGroup;
			children = (
				529B59A52AF378FB00E6208E /* topTracks.json */,
				529B59A92AF379D200E6208E /* MusicData.swift */,
				529B59A72AF3791000E6208E /* MusicElement.swift */,
				529B59AB2AF37D7C00E6208E /* MusicStore.swift */,
				529B59962AF3773800E6208E /* MusicAppApp.swift */,
				529B59982AF3773800E6208E /* ContentView.swift */,
				529B599A2AF3773900E6208E /* Assets.xcassets */,
				529B599C2AF3773900E6208E /* MusicApp.entitlements */,
				529B599D2AF3773900E6208E /* Preview Content */,
				529B59B92AF3E4FA00E6208E /* NewPlayList.swift */,
			);
			path = MusicApp;
			sourceTree = "<group>";
		};
		529B599D2AF3773900E6208E /* Preview Content */ = {
			isa = PBXGroup;
			children = (
				529B599E2AF3773900E6208E /* Preview Assets.xcassets */,
			);
			path = "Preview Content";
			sourceTree = "<group>";
		};
/* End PBXGroup section */

/* Begin PBXNativeTarget section */
		529B59922AF3773800E6208E /* MusicApp */ = {
			isa = PBXNativeTarget;
			buildConfigurationList = 529B59A22AF3773900E6208E /* Build configuration list for PBXNativeTarget "MusicApp" */;
			buildPhases = (
				529B598F2AF3773800E6208E /* Sources */,
				529B59902AF3773800E6208E /* Frameworks */,
				529B59912AF3773800E6208E /* Resources */,
			);
			buildRules = (
			);
			dependencies = (
			);
			name = MusicApp;
			productName = MusicApp;
			productReference = 529B59932AF3773800E6208E /* MusicApp.app */;
			productType = "com.apple.product-type.application";
		};
/* End PBXNativeTarget section */

/* Begin PBXProject section */
		529B598B2AF3773800E6208E /* Project object */ = {
			isa = PBXProject;
			attributes = {
				BuildIndependentTargetsInParallel = 1;
				LastSwiftUpdateCheck = 1500;
				LastUpgradeCheck = 1500;
				TargetAttributes = {
					529B59922AF3773800E6208E = {
						CreatedOnToolsVersion = 15.0;
					};
				};
			};
			buildConfigurationList = 529B598E2AF3773800E6208E /* Build configuration list for PBXProject "MusicApp" */;
			compatibilityVersion = "Xcode 14.0";
			developmentRegion = en;
			hasScannedForEncodings = 0;
			knownRegions = (
				en,
				Base,
			);
			mainGroup = 529B598A2AF3773800E6208E;
			productRefGroup = 529B59942AF3773800E6208E /* Products */;
			projectDirPath = "";
			projectRoot = "";
			targets = (
				529B59922AF3773800E6208E /* MusicApp */,
			);
		};
/* End PBXProject section */

/* Begin PBXResourcesBuildPhase section */
		529B59912AF3773800E6208E /* Resources */ = {
			isa = PBXResourcesBuildPhase;
			buildActionMask = 2147483647;
			files = (
				529B59A62AF378FB00E6208E /* topTracks.json in Resources */,
				529B599F2AF3773900E6208E /* Preview Assets.xcassets in Resources */,
				529B599B2AF3773900E6208E /* Assets.xcassets in Resources */,
			);
			runOnlyForDeploymentPostprocessing = 0;
		};
/* End PBXResourcesBuildPhase section */

/* Begin PBXSourcesBuildPhase section */
		529B598F2AF3773800E6208E /* Sources */ = {
			isa = PBXSourcesBuildPhase;
			buildActionMask = 2147483647;
			files = (
				529B59AC2AF37D7C00E6208E /* MusicStore.swift in Sources */,
				529B59B72AF3D51500E6208E /* CustomCorners.swift in Sources */,
				529B59B82AF3D51500E6208E /* BottomDrawerModifier.swift in Sources */,
				529B59992AF3773800E6208E /* ContentView.swift in Sources */,
				529B59B62AF3D51500E6208E /* DrawerExtension.swift in Sources */,
				529B59AA2AF379D200E6208E /* MusicData.swift in Sources */,
				529B59972AF3773800E6208E /* MusicAppApp.swift in Sources */,
				529B59A82AF3791000E6208E /* MusicElement.swift in Sources */,
				529B59BA2AF3E4FA00E6208E /* NewPlayList.swift in Sources */,
				529B59B22AF3D50500E6208E /* BottomDrawer.swift in Sources */,
				529B59B02AF3D4EC00E6208E /* PlayMusic.swift in Sources */,
			);
			runOnlyForDeploymentPostprocessing = 0;
		};
/* End PBXSourcesBuildPhase section */

/* Begin XCBuildConfiguration section */
		529B59A02AF3773900E6208E /* Debug */ = {
			isa = XCBuildConfiguration;
			buildSettings = {
				ALWAYS_SEARCH_USER_PATHS = NO;
				ASSETCATALOG_COMPILER_GENERATE_SWIFT_ASSET_SYMBOL_EXTENSIONS = YES;
				CLANG_ANALYZER_NONNULL = YES;
				CLANG_ANALYZER_NUMBER_OBJECT_CONVERSION = YES_AGGRESSIVE;
				CLANG_CXX_LANGUAGE_STANDARD = "gnu++20";
				CLANG_ENABLE_MODULES = YES;
				CLANG_ENABLE_OBJC_ARC = YES;
				CLANG_ENABLE_OBJC_WEAK = YES;
				CLANG_WARN_BLOCK_CAPTURE_AUTORELEASING = YES;
				CLANG_WARN_BOOL_CONVERSION = YES;
				CLANG_WARN_COMMA = YES;
				CLANG_WARN_CONSTANT_CONVERSION = YES;
				CLANG_WARN_DEPRECATED_OBJC_IMPLEMENTATIONS = YES;
				CLANG_WARN_DIRECT_OBJC_ISA_USAGE = YES_ERROR;
				CLANG_WARN_DOCUMENTATION_COMMENTS = YES;
				CLANG_WARN_EMPTY_BODY = YES;
				CLANG_WARN_ENUM_CONVERSION = YES;
				CLANG_WARN_INFINITE_RECURSION = YES;
				CLANG_WARN_INT_CONVERSION = YES;
				CLANG_WARN_NON_LITERAL_NULL_CONVERSION = YES;
				CLANG_WARN_OBJC_IMPLICIT_RETAIN_SELF = YES;
				CLANG_WARN_OBJC_LITERAL_CONVERSION = YES;
				CLANG_WARN_OBJC_ROOT_CLASS = YES_ERROR;
				CLANG_WARN_QUOTED_INCLUDE_IN_FRAMEWORK_HEADER = YES;
				CLANG_WARN_RANGE_LOOP_ANALYSIS = YES;
				CLANG_WARN_STRICT_PROTOTYPES = YES;
				CLANG_WARN_SUSPICIOUS_MOVE = YES;
				CLANG_WARN_UNGUARDED_AVAILABILITY = YES_AGGRESSIVE;
				CLANG_WARN_UNREACHABLE_CODE = YES;
				CLANG_WARN__DUPLICATE_METHOD_MATCH = YES;
				COPY_PHASE_STRIP = NO;
				DEBUG_INFORMATION_FORMAT = dwarf;
				ENABLE_STRICT_OBJC_MSGSEND = YES;
				ENABLE_TESTABILITY = YES;
				ENABLE_USER_SCRIPT_SANDBOXING = YES;
				GCC_C_LANGUAGE_STANDARD = gnu17;
				GCC_DYNAMIC_NO_PIC = NO;
				GCC_NO_COMMON_BLOCKS = YES;
				GCC_OPTIMIZATION_LEVEL = 0;
				GCC_PREPROCESSOR_DEFINITIONS = (
					"DEBUG=1",
					"$(inherited)",
				);
				GCC_WARN_64_TO_32_BIT_CONVERSION = YES;
				GCC_WARN_ABOUT_RETURN_TYPE = YES_ERROR;
				GCC_WARN_UNDECLARED_SELECTOR = YES;
				GCC_WARN_UNINITIALIZED_AUTOS = YES_AGGRESSIVE;
				GCC_WARN_UNUSED_FUNCTION = YES;
				GCC_WARN_UNUSED_VARIABLE = YES;
				LOCALIZATION_PREFERS_STRING_CATALOGS = YES;
				MTL_ENABLE_DEBUG_INFO = INCLUDE_SOURCE;
				MTL_FAST_MATH = YES;
				ONLY_ACTIVE_ARCH = YES;
				SWIFT_ACTIVE_COMPILATION_CONDITIONS = "DEBUG $(inherited)";
				SWIFT_OPTIMIZATION_LEVEL = "-Onone";
			};
			name = Debug;
		};
		529B59A12AF3773900E6208E /* Release */ = {
			isa = XCBuildConfiguration;
			buildSettings = {
				ALWAYS_SEARCH_USER_PATHS = NO;
				ASSETCATALOG_COMPILER_GENERATE_SWIFT_ASSET_SYMBOL_EXTENSIONS = YES;
				CLANG_ANALYZER_NONNULL = YES;
				CLANG_ANALYZER_NUMBER_OBJECT_CONVERSION = YES_AGGRESSIVE;
				CLANG_CXX_LANGUAGE_STANDARD = "gnu++20";
				CLANG_ENABLE_MODULES = YES;
				CLANG_ENABLE_OBJC_ARC = YES;
				CLANG_ENABLE_OBJC_WEAK = YES;
				CLANG_WARN_BLOCK_CAPTURE_AUTORELEASING = YES;
				CLANG_WARN_BOOL_CONVERSION = YES;
				CLANG_WARN_COMMA = YES;
				CLANG_WARN_CONSTANT_CONVERSION = YES;
				CLANG_WARN_DEPRECATED_OBJC_IMPLEMENTATIONS = YES;
				CLANG_WARN_DIRECT_OBJC_ISA_USAGE = YES_ERROR;
				CLANG_WARN_DOCUMENTATION_COMMENTS = YES;
				CLANG_WARN_EMPTY_BODY = YES;
				CLANG_WARN_ENUM_CONVERSION = YES;
				CLANG_WARN_INFINITE_RECURSION = YES;
				CLANG_WARN_INT_CONVERSION = YES;
				CLANG_WARN_NON_LITERAL_NULL_CONVERSION = YES;
				CLANG_WARN_OBJC_IMPLICIT_RETAIN_SELF = YES;
				CLANG_WARN_OBJC_LITERAL_CONVERSION = YES;
				CLANG_WARN_OBJC_ROOT_CLASS = YES_ERROR;
				CLANG_WARN_QUOTED_INCLUDE_IN_FRAMEWORK_HEADER = YES;
				CLANG_WARN_RANGE_LOOP_ANALYSIS = YES;
				CLANG_WARN_STRICT_PROTOTYPES = YES;
				CLANG_WARN_SUSPICIOUS_MOVE = YES;
				CLANG_WARN_UNGUARDED_AVAILABILITY = YES_AGGRESSIVE;
				CLANG_WARN_UNREACHABLE_CODE = YES;
				CLANG_WARN__DUPLICATE_METHOD_MATCH = YES;
				COPY_PHASE_STRIP = NO;
				DEBUG_INFORMATION_FORMAT = "dwarf-with-dsym";
				ENABLE_NS_ASSERTIONS = NO;
				ENABLE_STRICT_OBJC_MSGSEND = YES;
				ENABLE_USER_SCRIPT_SANDBOXING = YES;
				GCC_C_LANGUAGE_STANDARD = gnu17;
				GCC_NO_COMMON_BLOCKS = YES;
				GCC_WARN_64_TO_32_BIT_CONVERSION = YES;
				GCC_WARN_ABOUT_RETURN_TYPE = YES_ERROR;
				GCC_WARN_UNDECLARED_SELECTOR = YES;
				GCC_WARN_UNINITIALIZED_AUTOS = YES_AGGRESSIVE;
				GCC_WARN_UNUSED_FUNCTION = YES;
				GCC_WARN_UNUSED_VARIABLE = YES;
				LOCALIZATION_PREFERS_STRING_CATALOGS = YES;
				MTL_ENABLE_DEBUG_INFO = NO;
				MTL_FAST_MATH = YES;
				SWIFT_COMPILATION_MODE = wholemodule;
			};
			name = Release;
		};
		529B59A32AF3773900E6208E /* Debug */ = {
			isa = XCBuildConfiguration;
			buildSettings = {
				ASSETCATALOG_COMPILER_APPICON_NAME = AppIcon;
				ASSETCATALOG_COMPILER_GLOBAL_ACCENT_COLOR_NAME = AccentColor;
				CODE_SIGN_ENTITLEMENTS = MusicApp/MusicApp.entitlements;
				CODE_SIGN_STYLE = Automatic;
				CURRENT_PROJECT_VERSION = 1;
				DEVELOPMENT_ASSET_PATHS = "\"MusicApp/Preview Content\"";
				DEVELOPMENT_TEAM = 8383VR3NFP;
				ENABLE_HARDENED_RUNTIME = YES;
				ENABLE_PREVIEWS = YES;
				GENERATE_INFOPLIST_FILE = YES;
				"INFOPLIST_KEY_UIApplicationSceneManifest_Generation[sdk=iphoneos*]" = YES;
				"INFOPLIST_KEY_UIApplicationSceneManifest_Generation[sdk=iphonesimulator*]" = YES;
				"INFOPLIST_KEY_UIApplicationSupportsIndirectInputEvents[sdk=iphoneos*]" = YES;
				"INFOPLIST_KEY_UIApplicationSupportsIndirectInputEvents[sdk=iphonesimulator*]" = YES;
				"INFOPLIST_KEY_UILaunchScreen_Generation[sdk=iphoneos*]" = YES;
				"INFOPLIST_KEY_UILaunchScreen_Generation[sdk=iphonesimulator*]" = YES;
				"INFOPLIST_KEY_UIStatusBarStyle[sdk=iphoneos*]" = UIStatusBarStyleDefault;
				"INFOPLIST_KEY_UIStatusBarStyle[sdk=iphonesimulator*]" = UIStatusBarStyleDefault;
				INFOPLIST_KEY_UISupportedInterfaceOrientations_iPad = "UIInterfaceOrientationPortrait UIInterfaceOrientationPortraitUpsideDown UIInterfaceOrientationLandscapeLeft UIInterfaceOrientationLandscapeRight";
				INFOPLIST_KEY_UISupportedInterfaceOrientations_iPhone = "UIInterfaceOrientationPortrait UIInterfaceOrientationLandscapeLeft UIInterfaceOrientationLandscapeRight";
				IPHONEOS_DEPLOYMENT_TARGET = 17.0;
				LD_RUNPATH_SEARCH_PATHS = "@executable_path/Frameworks";
				"LD_RUNPATH_SEARCH_PATHS[sdk=macosx*]" = "@executable_path/../Frameworks";
				MACOSX_DEPLOYMENT_TARGET = 13.5;
				MARKETING_VERSION = 1.0;
				PRODUCT_BUNDLE_IDENTIFIER = com.ios3.MusicApp;
				PRODUCT_NAME = "$(TARGET_NAME)";
				SDKROOT = auto;
				SUPPORTED_PLATFORMS = "iphoneos iphonesimulator macosx";
				SWIFT_EMIT_LOC_STRINGS = YES;
				SWIFT_VERSION = 5.0;
				TARGETED_DEVICE_FAMILY = "1,2";
			};
			name = Debug;
		};
		529B59A42AF3773900E6208E /* Release */ = {
			isa = XCBuildConfiguration;
			buildSettings = {
				ASSETCATALOG_COMPILER_APPICON_NAME = AppIcon;
				ASSETCATALOG_COMPILER_GLOBAL_ACCENT_COLOR_NAME = AccentColor;
				CODE_SIGN_ENTITLEMENTS = MusicApp/MusicApp.entitlements;
				CODE_SIGN_STYLE = Automatic;
				CURRENT_PROJECT_VERSION = 1;
				DEVELOPMENT_ASSET_PATHS = "\"MusicApp/Preview Content\"";
				DEVELOPMENT_TEAM = 8383VR3NFP;
				ENABLE_HARDENED_RUNTIME = YES;
				ENABLE_PREVIEWS = YES;
				GENERATE_INFOPLIST_FILE = YES;
				"INFOPLIST_KEY_UIApplicationSceneManifest_Generation[sdk=iphoneos*]" = YES;
				"INFOPLIST_KEY_UIApplicationSceneManifest_Generation[sdk=iphonesimulator*]" = YES;
				"INFOPLIST_KEY_UIApplicationSupportsIndirectInputEvents[sdk=iphoneos*]" = YES;
				"INFOPLIST_KEY_UIApplicationSupportsIndirectInputEvents[sdk=iphonesimulator*]" = YES;
				"INFOPLIST_KEY_UILaunchScreen_Generation[sdk=iphoneos*]" = YES;
				"INFOPLIST_KEY_UILaunchScreen_Generation[sdk=iphonesimulator*]" = YES;
				"INFOPLIST_KEY_UIStatusBarStyle[sdk=iphoneos*]" = UIStatusBarStyleDefault;
				"INFOPLIST_KEY_UIStatusBarStyle[sdk=iphonesimulator*]" = UIStatusBarStyleDefault;
				INFOPLIST_KEY_UISupportedInterfaceOrientations_iPad = "UIInterfaceOrientationPortrait UIInterfaceOrientationPortraitUpsideDown UIInterfaceOrientationLandscapeLeft UIInterfaceOrientationLandscapeRight";
				INFOPLIST_KEY_UISupportedInterfaceOrientations_iPhone = "UIInterfaceOrientationPortrait UIInterfaceOrientationLandscapeLeft UIInterfaceOrientationLandscapeRight";
				IPHONEOS_DEPLOYMENT_TARGET = 17.0;
				LD_RUNPATH_SEARCH_PATHS = "@executable_path/Frameworks";
				"LD_RUNPATH_SEARCH_PATHS[sdk=macosx*]" = "@executable_path/../Frameworks";
				MACOSX_DEPLOYMENT_TARGET = 13.5;
				MARKETING_VERSION = 1.0;
				PRODUCT_BUNDLE_IDENTIFIER = com.ios3.MusicApp;
				PRODUCT_NAME = "$(TARGET_NAME)";
				SDKROOT = auto;
				SUPPORTED_PLATFORMS = "iphoneos iphonesimulator macosx";
				SWIFT_EMIT_LOC_STRINGS = YES;
				SWIFT_VERSION = 5.0;
				TARGETED_DEVICE_FAMILY = "1,2";
			};
			name = Release;
		};
/* End XCBuildConfiguration section */

/* Begin XCConfigurationList section */
		529B598E2AF3773800E6208E /* Build configuration list for PBXProject "MusicApp" */ = {
			isa = XCConfigurationList;
			buildConfigurations = (
				529B59A02AF3773900E6208E /* Debug */,
				529B59A12AF3773900E6208E /* Release */,
			);
			defaultConfigurationIsVisible = 0;
			defaultConfigurationName = Release;
		};
		529B59A22AF3773900E6208E /* Build configuration list for PBXNativeTarget "MusicApp" */ = {
			isa = XCConfigurationList;
			buildConfigurations = (
				529B59A32AF3773900E6208E /* Debug */,
				529B59A42AF3773900E6208E /* Release */,
			);
			defaultConfigurationIsVisible = 0;
			defaultConfigurationName = Release;
		};
/* End XCConfigurationList section */
	};
	rootObject = 529B598B2AF3773800E6208E /* Project object */;
}
