// !$*UTF8*$!
{
	archiveVersion = 1;
	classes = {
	};
	objectVersion = 56;
	objects = {

/* Begin PBXBuildFile section */
		5A5B80FF2AE9F3EC00942834 /* OcEx7.swift in Sources */ = {isa = PBXBuildFile; fileRef = 5A5B80FE2AE9F3EC00942834 /* OcEx7.swift */; };
		5A5B81012AE9F63800942834 /* OcEx8.swift in Sources */ = {isa = PBXBuildFile; fileRef = 5A5B81002AE9F63800942834 /* OcEx8.swift */; };
		5A5B81032AE9FA2300942834 /* OcExBonus.swift in Sources */ = {isa = PBXBuildFile; fileRef = 5A5B81022AE9FA2300942834 /* OcExBonus.swift */; };
		5A78EE2F2AE8D37A002A729B /* MfrEx11.swift in Sources */ = {isa = PBXBuildFile; fileRef = 5A78EE2E2AE8D37A002A729B /* MfrEx11.swift */; };
		5A78EE312AE8D45E002A729B /* MfrEx12.swift in Sources */ = {isa = PBXBuildFile; fileRef = 5A78EE302AE8D45E002A729B /* MfrEx12.swift */; };
		5A78EE332AE8D977002A729B /* MfrEx13.swift in Sources */ = {isa = PBXBuildFile; fileRef = 5A78EE322AE8D977002A729B /* MfrEx13.swift */; };
		5A78EE352AE8DD66002A729B /* MfrEx14.swift in Sources */ = {isa = PBXBuildFile; fileRef = 5A78EE342AE8DD66002A729B /* MfrEx14.swift */; };
		5A78EE372AE8DEA4002A729B /* MfrEx15.swift in Sources */ = {isa = PBXBuildFile; fileRef = 5A78EE362AE8DEA4002A729B /* MfrEx15.swift */; };
		5A78EE392AE8DFC9002A729B /* MfrEx16.swift in Sources */ = {isa = PBXBuildFile; fileRef = 5A78EE382AE8DFC9002A729B /* MfrEx16.swift */; };
		5A78EE3C2AE9084D002A729B /* OcEx1.swift in Sources */ = {isa = PBXBuildFile; fileRef = 5A78EE3B2AE9084C002A729B /* OcEx1.swift */; };
		5A78EE3E2AE908EC002A729B /* OcEx2.swift in Sources */ = {isa = PBXBuildFile; fileRef = 5A78EE3D2AE908EC002A729B /* OcEx2.swift */; };
		5A78EE402AE90993002A729B /* OcEx3.swift in Sources */ = {isa = PBXBuildFile; fileRef = 5A78EE3F2AE90993002A729B /* OcEx3.swift */; };
		5A78EE422AE90A9F002A729B /* OcEx4.swift in Sources */ = {isa = PBXBuildFile; fileRef = 5A78EE412AE90A9F002A729B /* OcEx4.swift */; };
		5A78EE442AE90C4F002A729B /* OcEx5.swift in Sources */ = {isa = PBXBuildFile; fileRef = 5A78EE432AE90C4F002A729B /* OcEx5.swift */; };
		5A78EE462AE90CF9002A729B /* OcEx6.swift in Sources */ = {isa = PBXBuildFile; fileRef = 5A78EE452AE90CF9002A729B /* OcEx6.swift */; };
		5A95985F2AE7911300BA2635 /* main.swift in Sources */ = {isa = PBXBuildFile; fileRef = 5A95985E2AE7911300BA2635 /* main.swift */; };
		5A9598662AE7911A00BA2635 /* Map.swift in Sources */ = {isa = PBXBuildFile; fileRef = 5A9598652AE7911A00BA2635 /* Map.swift */; };
		5A9598682AE7913A00BA2635 /* Closer.swift in Sources */ = {isa = PBXBuildFile; fileRef = 5A9598672AE7913A00BA2635 /* Closer.swift */; };
		5A95986A2AE7915D00BA2635 /* Set.swift in Sources */ = {isa = PBXBuildFile; fileRef = 5A9598692AE7915D00BA2635 /* Set.swift */; };
		5A95986C2AE7917100BA2635 /* Dictionary.swift in Sources */ = {isa = PBXBuildFile; fileRef = 5A95986B2AE7917100BA2635 /* Dictionary.swift */; };
		5A9598742AE7927900BA2635 /* Ex2.swift in Sources */ = {isa = PBXBuildFile; fileRef = 5A9598732AE7927900BA2635 /* Ex2.swift */; };
		5A9598762AE7929400BA2635 /* Ex3.swift in Sources */ = {isa = PBXBuildFile; fileRef = 5A9598752AE7929400BA2635 /* Ex3.swift */; };
		5A9598782AE792AB00BA2635 /* Ex4.swift in Sources */ = {isa = PBXBuildFile; fileRef = 5A9598772AE792AB00BA2635 /* Ex4.swift */; };
		5A95987A2AE792C300BA2635 /* Ex5.swift in Sources */ = {isa = PBXBuildFile; fileRef = 5A9598792AE792C300BA2635 /* Ex5.swift */; };
		5A95987C2AE792CC00BA2635 /* Ex6.swift in Sources */ = {isa = PBXBuildFile; fileRef = 5A95987B2AE792CC00BA2635 /* Ex6.swift */; };
		5A95987E2AE792DC00BA2635 /* Ex7.swift in Sources */ = {isa = PBXBuildFile; fileRef = 5A95987D2AE792DC00BA2635 /* Ex7.swift */; };
		5A9598802AE792EE00BA2635 /* Ex8.swift in Sources */ = {isa = PBXBuildFile; fileRef = 5A95987F2AE792EE00BA2635 /* Ex8.swift */; };
		5A9598822AE7955200BA2635 /* Exetension.swift in Sources */ = {isa = PBXBuildFile; fileRef = 5A9598812AE7955200BA2635 /* Exetension.swift */; };
		5A9598842AE7956700BA2635 /* Rect.swift in Sources */ = {isa = PBXBuildFile; fileRef = 5A9598832AE7956700BA2635 /* Rect.swift */; };
		5A9598872AE7964600BA2635 /* ErrorEx1.swift in Sources */ = {isa = PBXBuildFile; fileRef = 5A9598862AE7964600BA2635 /* ErrorEx1.swift */; };
		5A9598892AE7966300BA2635 /* ErrorEx2.swift in Sources */ = {isa = PBXBuildFile; fileRef = 5A9598882AE7966300BA2635 /* ErrorEx2.swift */; };
		5A95988B2AE7968000BA2635 /* ErrorEx6.swift in Sources */ = {isa = PBXBuildFile; fileRef = 5A95988A2AE7968000BA2635 /* ErrorEx6.swift */; };
		5A95988D2AE796B300BA2635 /* ErrorEx6+.swift in Sources */ = {isa = PBXBuildFile; fileRef = 5A95988C2AE796B300BA2635 /* ErrorEx6+.swift */; };
		5A9598902AE7976000BA2635 /* Animals.swift in Sources */ = {isa = PBXBuildFile; fileRef = 5A95988F2AE7976000BA2635 /* Animals.swift */; };
		5A9598922AE797C500BA2635 /* Food.swift in Sources */ = {isa = PBXBuildFile; fileRef = 5A9598912AE797C500BA2635 /* Food.swift */; };
		5ACF9CDD2AE79975000950A9 /* Reduce.swift in Sources */ = {isa = PBXBuildFile; fileRef = 5ACF9CDC2AE79975000950A9 /* Reduce.swift */; };
		5ACF9CE12AE79F01000950A9 /* MfrEx1.swift in Sources */ = {isa = PBXBuildFile; fileRef = 5ACF9CE02AE79F01000950A9 /* MfrEx1.swift */; };
		5ACF9CE32AE7A371000950A9 /* MfrEx2.swift in Sources */ = {isa = PBXBuildFile; fileRef = 5ACF9CE22AE7A371000950A9 /* MfrEx2.swift */; };
		5ACF9CE52AE7A4C9000950A9 /* MfrEx3.swift in Sources */ = {isa = PBXBuildFile; fileRef = 5ACF9CE42AE7A4C9000950A9 /* MfrEx3.swift */; };
		5ACF9CE72AE7A687000950A9 /* MfrEx4.swift in Sources */ = {isa = PBXBuildFile; fileRef = 5ACF9CE62AE7A687000950A9 /* MfrEx4.swift */; };
		5ACF9CE92AE7A777000950A9 /* MfrEx5.swift in Sources */ = {isa = PBXBuildFile; fileRef = 5ACF9CE82AE7A777000950A9 /* MfrEx5.swift */; };
		5ACF9CEB2AE7A8A4000950A9 /* MfrEx6.swift in Sources */ = {isa = PBXBuildFile; fileRef = 5ACF9CEA2AE7A8A4000950A9 /* MfrEx6.swift */; };
		5ACF9CED2AE7AAAE000950A9 /* MfrEx7.swift in Sources */ = {isa = PBXBuildFile; fileRef = 5ACF9CEC2AE7AAAE000950A9 /* MfrEx7.swift */; };
		5ACF9CEF2AE7AB15000950A9 /* MfrEx8.swift in Sources */ = {isa = PBXBuildFile; fileRef = 5ACF9CEE2AE7AB15000950A9 /* MfrEx8.swift */; };
		5ACF9CF12AE7AB75000950A9 /* MfrEx9.swift in Sources */ = {isa = PBXBuildFile; fileRef = 5ACF9CF02AE7AB75000950A9 /* MfrEx9.swift */; };
		5ACF9CF32AE7AE5F000950A9 /* MfrEx10.swift in Sources */ = {isa = PBXBuildFile; fileRef = 5ACF9CF22AE7AE5F000950A9 /* MfrEx10.swift */; };
		5ACF9CF52AE7B6FB000950A9 /* Capture.swift in Sources */ = {isa = PBXBuildFile; fileRef = 5ACF9CF42AE7B6FB000950A9 /* Capture.swift */; };
/* End PBXBuildFile section */

/* Begin PBXCopyFilesBuildPhase section */
		5A9598592AE7911300BA2635 /* CopyFiles */ = {
			isa = PBXCopyFilesBuildPhase;
			buildActionMask = 2147483647;
			dstPath = /usr/share/man/man1/;
			dstSubfolderSpec = 0;
			files = (
			);
			runOnlyForDeploymentPostprocessing = 1;
		};
/* End PBXCopyFilesBuildPhase section */

/* Begin PBXFileReference section */
		5A5B80FE2AE9F3EC00942834 /* OcEx7.swift */ = {isa = PBXFileReference; lastKnownFileType = sourcecode.swift; path = OcEx7.swift; sourceTree = "<group>"; };
		5A5B81002AE9F63800942834 /* OcEx8.swift */ = {isa = PBXFileReference; lastKnownFileType = sourcecode.swift; path = OcEx8.swift; sourceTree = "<group>"; };
		5A5B81022AE9FA2300942834 /* OcExBonus.swift */ = {isa = PBXFileReference; lastKnownFileType = sourcecode.swift; path = OcExBonus.swift; sourceTree = "<group>"; };
		5A78EE2E2AE8D37A002A729B /* MfrEx11.swift */ = {isa = PBXFileReference; lastKnownFileType = sourcecode.swift; path = MfrEx11.swift; sourceTree = "<group>"; };
		5A78EE302AE8D45E002A729B /* MfrEx12.swift */ = {isa = PBXFileReference; lastKnownFileType = sourcecode.swift; path = MfrEx12.swift; sourceTree = "<group>"; };
		5A78EE322AE8D977002A729B /* MfrEx13.swift */ = {isa = PBXFileReference; lastKnownFileType = sourcecode.swift; path = MfrEx13.swift; sourceTree = "<group>"; };
		5A78EE342AE8DD66002A729B /* MfrEx14.swift */ = {isa = PBXFileReference; lastKnownFileType = sourcecode.swift; path = MfrEx14.swift; sourceTree = "<group>"; };
		5A78EE362AE8DEA4002A729B /* MfrEx15.swift */ = {isa = PBXFileReference; lastKnownFileType = sourcecode.swift; path = MfrEx15.swift; sourceTree = "<group>"; };
		5A78EE382AE8DFC9002A729B /* MfrEx16.swift */ = {isa = PBXFileReference; lastKnownFileType = sourcecode.swift; path = MfrEx16.swift; sourceTree = "<group>"; };
		5A78EE3B2AE9084C002A729B /* OcEx1.swift */ = {isa = PBXFileReference; lastKnownFileType = sourcecode.swift; path = OcEx1.swift; sourceTree = "<group>"; };
		5A78EE3D2AE908EC002A729B /* OcEx2.swift */ = {isa = PBXFileReference; lastKnownFileType = sourcecode.swift; path = OcEx2.swift; sourceTree = "<group>"; };
		5A78EE3F2AE90993002A729B /* OcEx3.swift */ = {isa = PBXFileReference; lastKnownFileType = sourcecode.swift; path = OcEx3.swift; sourceTree = "<group>"; };
		5A78EE412AE90A9F002A729B /* OcEx4.swift */ = {isa = PBXFileReference; lastKnownFileType = sourcecode.swift; path = OcEx4.swift; sourceTree = "<group>"; };
		5A78EE432AE90C4F002A729B /* OcEx5.swift */ = {isa = PBXFileReference; lastKnownFileType = sourcecode.swift; path = OcEx5.swift; sourceTree = "<group>"; };
		5A78EE452AE90CF9002A729B /* OcEx6.swift */ = {isa = PBXFileReference; lastKnownFileType = sourcecode.swift; path = OcEx6.swift; sourceTree = "<group>"; };
		5A95985B2AE7911300BA2635 /* Grammer */ = {isa = PBXFileReference; explicitFileType = "compiled.mach-o.executable"; includeInIndex = 0; path = Grammer; sourceTree = BUILT_PRODUCTS_DIR; };
		5A95985E2AE7911300BA2635 /* main.swift */ = {isa = PBXFileReference; lastKnownFileType = sourcecode.swift; path = main.swift; sourceTree = "<group>"; };
		5A9598652AE7911A00BA2635 /* Map.swift */ = {isa = PBXFileReference; lastKnownFileType = sourcecode.swift; path = Map.swift; sourceTree = "<group>"; };
		5A9598672AE7913A00BA2635 /* Closer.swift */ = {isa = PBXFileReference; lastKnownFileType = sourcecode.swift; path = Closer.swift; sourceTree = "<group>"; };
		5A9598692AE7915D00BA2635 /* Set.swift */ = {isa = PBXFileReference; lastKnownFileType = sourcecode.swift; path = Set.swift; sourceTree = "<group>"; };
		5A95986B2AE7917100BA2635 /* Dictionary.swift */ = {isa = PBXFileReference; lastKnownFileType = sourcecode.swift; path = Dictionary.swift; sourceTree = "<group>"; };
		5A9598732AE7927900BA2635 /* Ex2.swift */ = {isa = PBXFileReference; lastKnownFileType = sourcecode.swift; path = Ex2.swift; sourceTree = "<group>"; };
		5A9598752AE7929400BA2635 /* Ex3.swift */ = {isa = PBXFileReference; lastKnownFileType = sourcecode.swift; path = Ex3.swift; sourceTree = "<group>"; };
		5A9598772AE792AB00BA2635 /* Ex4.swift */ = {isa = PBXFileReference; lastKnownFileType = sourcecode.swift; path = Ex4.swift; sourceTree = "<group>"; };
		5A9598792AE792C300BA2635 /* Ex5.swift */ = {isa = PBXFileReference; lastKnownFileType = sourcecode.swift; path = Ex5.swift; sourceTree = "<group>"; };
		5A95987B2AE792CC00BA2635 /* Ex6.swift */ = {isa = PBXFileReference; lastKnownFileType = sourcecode.swift; path = Ex6.swift; sourceTree = "<group>"; };
		5A95987D2AE792DC00BA2635 /* Ex7.swift */ = {isa = PBXFileReference; lastKnownFileType = sourcecode.swift; path = Ex7.swift; sourceTree = "<group>"; };
		5A95987F2AE792EE00BA2635 /* Ex8.swift */ = {isa = PBXFileReference; lastKnownFileType = sourcecode.swift; path = Ex8.swift; sourceTree = "<group>"; };
		5A9598812AE7955200BA2635 /* Exetension.swift */ = {isa = PBXFileReference; lastKnownFileType = sourcecode.swift; path = Exetension.swift; sourceTree = "<group>"; };
		5A9598832AE7956700BA2635 /* Rect.swift */ = {isa = PBXFileReference; lastKnownFileType = sourcecode.swift; path = Rect.swift; sourceTree = "<group>"; };
		5A9598862AE7964600BA2635 /* ErrorEx1.swift */ = {isa = PBXFileReference; lastKnownFileType = sourcecode.swift; path = ErrorEx1.swift; sourceTree = "<group>"; };
		5A9598882AE7966300BA2635 /* ErrorEx2.swift */ = {isa = PBXFileReference; lastKnownFileType = sourcecode.swift; path = ErrorEx2.swift; sourceTree = "<group>"; };
		5A95988A2AE7968000BA2635 /* ErrorEx6.swift */ = {isa = PBXFileReference; lastKnownFileType = sourcecode.swift; path = ErrorEx6.swift; sourceTree = "<group>"; };
		5A95988C2AE796B300BA2635 /* ErrorEx6+.swift */ = {isa = PBXFileReference; lastKnownFileType = sourcecode.swift; path = "ErrorEx6+.swift"; sourceTree = "<group>"; };
		5A95988F2AE7976000BA2635 /* Animals.swift */ = {isa = PBXFileReference; lastKnownFileType = sourcecode.swift; path = Animals.swift; sourceTree = "<group>"; };
		5A9598912AE797C500BA2635 /* Food.swift */ = {isa = PBXFileReference; lastKnownFileType = sourcecode.swift; path = Food.swift; sourceTree = "<group>"; };
		5ACF9CDC2AE79975000950A9 /* Reduce.swift */ = {isa = PBXFileReference; lastKnownFileType = sourcecode.swift; path = Reduce.swift; sourceTree = "<group>"; };
		5ACF9CE02AE79F01000950A9 /* MfrEx1.swift */ = {isa = PBXFileReference; lastKnownFileType = sourcecode.swift; path = MfrEx1.swift; sourceTree = "<group>"; };
		5ACF9CE22AE7A371000950A9 /* MfrEx2.swift */ = {isa = PBXFileReference; lastKnownFileType = sourcecode.swift; path = MfrEx2.swift; sourceTree = "<group>"; };
		5ACF9CE42AE7A4C9000950A9 /* MfrEx3.swift */ = {isa = PBXFileReference; lastKnownFileType = sourcecode.swift; path = MfrEx3.swift; sourceTree = "<group>"; };
		5ACF9CE62AE7A687000950A9 /* MfrEx4.swift */ = {isa = PBXFileReference; lastKnownFileType = sourcecode.swift; path = MfrEx4.swift; sourceTree = "<group>"; };
		5ACF9CE82AE7A777000950A9 /* MfrEx5.swift */ = {isa = PBXFileReference; lastKnownFileType = sourcecode.swift; path = MfrEx5.swift; sourceTree = "<group>"; };
		5ACF9CEA2AE7A8A4000950A9 /* MfrEx6.swift */ = {isa = PBXFileReference; lastKnownFileType = sourcecode.swift; path = MfrEx6.swift; sourceTree = "<group>"; };
		5ACF9CEC2AE7AAAE000950A9 /* MfrEx7.swift */ = {isa = PBXFileReference; lastKnownFileType = sourcecode.swift; path = MfrEx7.swift; sourceTree = "<group>"; };
		5ACF9CEE2AE7AB15000950A9 /* MfrEx8.swift */ = {isa = PBXFileReference; lastKnownFileType = sourcecode.swift; path = MfrEx8.swift; sourceTree = "<group>"; };
		5ACF9CF02AE7AB75000950A9 /* MfrEx9.swift */ = {isa = PBXFileReference; lastKnownFileType = sourcecode.swift; path = MfrEx9.swift; sourceTree = "<group>"; };
		5ACF9CF22AE7AE5F000950A9 /* MfrEx10.swift */ = {isa = PBXFileReference; lastKnownFileType = sourcecode.swift; path = MfrEx10.swift; sourceTree = "<group>"; };
		5ACF9CF42AE7B6FB000950A9 /* Capture.swift */ = {isa = PBXFileReference; lastKnownFileType = sourcecode.swift; path = Capture.swift; sourceTree = "<group>"; };
/* End PBXFileReference section */

/* Begin PBXFrameworksBuildPhase section */
		5A9598582AE7911300BA2635 /* Frameworks */ = {
			isa = PBXFrameworksBuildPhase;
			buildActionMask = 2147483647;
			files = (
			);
			runOnlyForDeploymentPostprocessing = 0;
		};
/* End PBXFrameworksBuildPhase section */

/* Begin PBXGroup section */
		5A78EE3A2AE90827002A729B /* OptionalChaning */ = {
			isa = PBXGroup;
			children = (
				5A78EE3B2AE9084C002A729B /* OcEx1.swift */,
				5A78EE3D2AE908EC002A729B /* OcEx2.swift */,
				5A78EE3F2AE90993002A729B /* OcEx3.swift */,
				5A78EE412AE90A9F002A729B /* OcEx4.swift */,
				5A78EE432AE90C4F002A729B /* OcEx5.swift */,
				5A78EE452AE90CF9002A729B /* OcEx6.swift */,
				5A5B80FE2AE9F3EC00942834 /* OcEx7.swift */,
				5A5B81002AE9F63800942834 /* OcEx8.swift */,
				5A5B81022AE9FA2300942834 /* OcExBonus.swift */,
			);
			name = OptionalChaning;
			sourceTree = "<group>";
		};
		5A9598522AE7911200BA2635 = {
			isa = PBXGroup;
			children = (
				5A95985D2AE7911300BA2635 /* Grammer */,
				5A95985C2AE7911300BA2635 /* Products */,
			);
			sourceTree = "<group>";
		};
		5A95985C2AE7911300BA2635 /* Products */ = {
			isa = PBXGroup;
			children = (
				5A95985B2AE7911300BA2635 /* Grammer */,
			);
			name = Products;
			sourceTree = "<group>";
		};
		5A95985D2AE7911300BA2635 /* Grammer */ = {
			isa = PBXGroup;
			children = (
				5A78EE3A2AE90827002A729B /* OptionalChaning */,
				5ACF9CDF2AE79EEB000950A9 /* MapFilterReduceEx */,
				5ACF9CDE2AE79B8B000950A9 /* Closer */,
				5A95988E2AE7974600BA2635 /* Inheritance */,
				5A9598852AE7963000BA2635 /* Error */,
				5A9598722AE7926A00BA2635 /* EnumEx */,
				5A95985E2AE7911300BA2635 /* main.swift */,
				5A9598652AE7911A00BA2635 /* Map.swift */,
				5A9598692AE7915D00BA2635 /* Set.swift */,
				5A95986B2AE7917100BA2635 /* Dictionary.swift */,
				5A9598812AE7955200BA2635 /* Exetension.swift */,
				5A9598832AE7956700BA2635 /* Rect.swift */,
				5ACF9CDC2AE79975000950A9 /* Reduce.swift */,
				5ACF9CF42AE7B6FB000950A9 /* Capture.swift */,
			);
			path = Grammer;
			sourceTree = "<group>";
		};
		5A9598722AE7926A00BA2635 /* EnumEx */ = {
			isa = PBXGroup;
			children = (
				5A9598732AE7927900BA2635 /* Ex2.swift */,
				5A9598752AE7929400BA2635 /* Ex3.swift */,
				5A9598772AE792AB00BA2635 /* Ex4.swift */,
				5A9598792AE792C300BA2635 /* Ex5.swift */,
				5A95987B2AE792CC00BA2635 /* Ex6.swift */,
				5A95987D2AE792DC00BA2635 /* Ex7.swift */,
				5A95987F2AE792EE00BA2635 /* Ex8.swift */,
			);
			name = EnumEx;
			sourceTree = "<group>";
		};
		5A9598852AE7963000BA2635 /* Error */ = {
			isa = PBXGroup;
			children = (
				5A9598862AE7964600BA2635 /* ErrorEx1.swift */,
				5A9598882AE7966300BA2635 /* ErrorEx2.swift */,
				5A95988A2AE7968000BA2635 /* ErrorEx6.swift */,
				5A95988C2AE796B300BA2635 /* ErrorEx6+.swift */,
			);
			name = Error;
			sourceTree = "<group>";
		};
		5A95988E2AE7974600BA2635 /* Inheritance */ = {
			isa = PBXGroup;
			children = (
				5A95988F2AE7976000BA2635 /* Animals.swift */,
				5A9598912AE797C500BA2635 /* Food.swift */,
			);
			name = Inheritance;
			sourceTree = "<group>";
		};
		5ACF9CDE2AE79B8B000950A9 /* Closer */ = {
			isa = PBXGroup;
			children = (
				5A9598672AE7913A00BA2635 /* Closer.swift */,
			);
			name = Closer;
			sourceTree = "<group>";
		};
		5ACF9CDF2AE79EEB000950A9 /* MapFilterReduceEx */ = {
			isa = PBXGroup;
			children = (
				5ACF9CE02AE79F01000950A9 /* MfrEx1.swift */,
				5ACF9CE22AE7A371000950A9 /* MfrEx2.swift */,
				5ACF9CE42AE7A4C9000950A9 /* MfrEx3.swift */,
				5ACF9CE62AE7A687000950A9 /* MfrEx4.swift */,
				5ACF9CE82AE7A777000950A9 /* MfrEx5.swift */,
				5ACF9CEA2AE7A8A4000950A9 /* MfrEx6.swift */,
				5ACF9CEC2AE7AAAE000950A9 /* MfrEx7.swift */,
				5ACF9CEE2AE7AB15000950A9 /* MfrEx8.swift */,
				5ACF9CF02AE7AB75000950A9 /* MfrEx9.swift */,
				5ACF9CF22AE7AE5F000950A9 /* MfrEx10.swift */,
				5A78EE2E2AE8D37A002A729B /* MfrEx11.swift */,
				5A78EE302AE8D45E002A729B /* MfrEx12.swift */,
				5A78EE322AE8D977002A729B /* MfrEx13.swift */,
				5A78EE342AE8DD66002A729B /* MfrEx14.swift */,
				5A78EE362AE8DEA4002A729B /* MfrEx15.swift */,
				5A78EE382AE8DFC9002A729B /* MfrEx16.swift */,
			);
			name = MapFilterReduceEx;
			sourceTree = "<group>";
		};
/* End PBXGroup section */

/* Begin PBXNativeTarget section */
		5A95985A2AE7911300BA2635 /* Grammer */ = {
			isa = PBXNativeTarget;
			buildConfigurationList = 5A9598622AE7911300BA2635 /* Build configuration list for PBXNativeTarget "Grammer" */;
			buildPhases = (
				5A9598572AE7911300BA2635 /* Sources */,
				5A9598582AE7911300BA2635 /* Frameworks */,
				5A9598592AE7911300BA2635 /* CopyFiles */,
			);
			buildRules = (
			);
			dependencies = (
			);
			name = Grammer;
			productName = Grammer;
			productReference = 5A95985B2AE7911300BA2635 /* Grammer */;
			productType = "com.apple.product-type.tool";
		};
/* End PBXNativeTarget section */

/* Begin PBXProject section */
		5A9598532AE7911200BA2635 /* Project object */ = {
			isa = PBXProject;
			attributes = {
				BuildIndependentTargetsInParallel = 1;
				LastSwiftUpdateCheck = 1500;
				LastUpgradeCheck = 1500;
				TargetAttributes = {
					5A95985A2AE7911300BA2635 = {
						CreatedOnToolsVersion = 15.0.1;
					};
				};
			};
			buildConfigurationList = 5A9598562AE7911200BA2635 /* Build configuration list for PBXProject "Grammer" */;
			compatibilityVersion = "Xcode 14.0";
			developmentRegion = en;
			hasScannedForEncodings = 0;
			knownRegions = (
				en,
				Base,
			);
			mainGroup = 5A9598522AE7911200BA2635;
			productRefGroup = 5A95985C2AE7911300BA2635 /* Products */;
			projectDirPath = "";
			projectRoot = "";
			targets = (
				5A95985A2AE7911300BA2635 /* Grammer */,
			);
		};
/* End PBXProject section */

/* Begin PBXSourcesBuildPhase section */
		5A9598572AE7911300BA2635 /* Sources */ = {
			isa = PBXSourcesBuildPhase;
			buildActionMask = 2147483647;
			files = (
				5ACF9CF12AE7AB75000950A9 /* MfrEx9.swift in Sources */,
				5A78EE402AE90993002A729B /* OcEx3.swift in Sources */,
				5ACF9CF32AE7AE5F000950A9 /* MfrEx10.swift in Sources */,
				5A5B80FF2AE9F3EC00942834 /* OcEx7.swift in Sources */,
				5ACF9CEB2AE7A8A4000950A9 /* MfrEx6.swift in Sources */,
				5ACF9CE32AE7A371000950A9 /* MfrEx2.swift in Sources */,
				5A95986A2AE7915D00BA2635 /* Set.swift in Sources */,
				5A95986C2AE7917100BA2635 /* Dictionary.swift in Sources */,
				5A95988D2AE796B300BA2635 /* ErrorEx6+.swift in Sources */,
				5A78EE352AE8DD66002A729B /* MfrEx14.swift in Sources */,
				5A78EE312AE8D45E002A729B /* MfrEx12.swift in Sources */,
				5A9598892AE7966300BA2635 /* ErrorEx2.swift in Sources */,
				5A78EE462AE90CF9002A729B /* OcEx6.swift in Sources */,
				5A9598742AE7927900BA2635 /* Ex2.swift in Sources */,
				5A9598762AE7929400BA2635 /* Ex3.swift in Sources */,
				5A78EE3C2AE9084D002A729B /* OcEx1.swift in Sources */,
				5A5B81032AE9FA2300942834 /* OcExBonus.swift in Sources */,
				5A9598662AE7911A00BA2635 /* Map.swift in Sources */,
				5ACF9CE12AE79F01000950A9 /* MfrEx1.swift in Sources */,
				5A95988B2AE7968000BA2635 /* ErrorEx6.swift in Sources */,
				5ACF9CE72AE7A687000950A9 /* MfrEx4.swift in Sources */,
				5A9598802AE792EE00BA2635 /* Ex8.swift in Sources */,
				5A5B81012AE9F63800942834 /* OcEx8.swift in Sources */,
				5A95987A2AE792C300BA2635 /* Ex5.swift in Sources */,
				5ACF9CE52AE7A4C9000950A9 /* MfrEx3.swift in Sources */,
				5ACF9CEF2AE7AB15000950A9 /* MfrEx8.swift in Sources */,
				5ACF9CDD2AE79975000950A9 /* Reduce.swift in Sources */,
				5A78EE2F2AE8D37A002A729B /* MfrEx11.swift in Sources */,
				5A78EE3E2AE908EC002A729B /* OcEx2.swift in Sources */,
				5A9598842AE7956700BA2635 /* Rect.swift in Sources */,
				5A9598782AE792AB00BA2635 /* Ex4.swift in Sources */,
				5A95987E2AE792DC00BA2635 /* Ex7.swift in Sources */,
				5ACF9CE92AE7A777000950A9 /* MfrEx5.swift in Sources */,
				5ACF9CED2AE7AAAE000950A9 /* MfrEx7.swift in Sources */,
				5A9598682AE7913A00BA2635 /* Closer.swift in Sources */,
				5A95985F2AE7911300BA2635 /* main.swift in Sources */,
				5A78EE392AE8DFC9002A729B /* MfrEx16.swift in Sources */,
				5A78EE422AE90A9F002A729B /* OcEx4.swift in Sources */,
				5A78EE332AE8D977002A729B /* MfrEx13.swift in Sources */,
				5A9598902AE7976000BA2635 /* Animals.swift in Sources */,
				5A9598822AE7955200BA2635 /* Exetension.swift in Sources */,
				5ACF9CF52AE7B6FB000950A9 /* Capture.swift in Sources */,
				5A9598922AE797C500BA2635 /* Food.swift in Sources */,
				5A95987C2AE792CC00BA2635 /* Ex6.swift in Sources */,
				5A78EE442AE90C4F002A729B /* OcEx5.swift in Sources */,
				5A78EE372AE8DEA4002A729B /* MfrEx15.swift in Sources */,
				5A9598872AE7964600BA2635 /* ErrorEx1.swift in Sources */,
			);
			runOnlyForDeploymentPostprocessing = 0;
		};
/* End PBXSourcesBuildPhase section */

/* Begin XCBuildConfiguration section */
		5A9598602AE7911300BA2635 /* Debug */ = {
			isa = XCBuildConfiguration;
			buildSettings = {
				ALWAYS_SEARCH_USER_PATHS = NO;
				ASSETCATALOG_COMPILER_GENERATE_SWIFT_ASSET_SYMBOL_EXTENSIONS = YES;
				CLANG_ANALYZER_NONNULL = YES;
				CLANG_ANALYZER_NUMBER_OBJECT_CONVERSION = YES_AGGRESSIVE;
				CLANG_CXX_LANGUAGE_STANDARD = "gnu++20";
				CLANG_ENABLE_MODULES = YES;
				CLANG_ENABLE_OBJC_ARC = YES;
				CLANG_ENABLE_OBJC_WEAK = YES;
				CLANG_WARN_BLOCK_CAPTURE_AUTORELEASING = YES;
				CLANG_WARN_BOOL_CONVERSION = YES;
				CLANG_WARN_COMMA = YES;
				CLANG_WARN_CONSTANT_CONVERSION = YES;
				CLANG_WARN_DEPRECATED_OBJC_IMPLEMENTATIONS = YES;
				CLANG_WARN_DIRECT_OBJC_ISA_USAGE = YES_ERROR;
				CLANG_WARN_DOCUMENTATION_COMMENTS = YES;
				CLANG_WARN_EMPTY_BODY = YES;
				CLANG_WARN_ENUM_CONVERSION = YES;
				CLANG_WARN_INFINITE_RECURSION = YES;
				CLANG_WARN_INT_CONVERSION = YES;
				CLANG_WARN_NON_LITERAL_NULL_CONVERSION = YES;
				CLANG_WARN_OBJC_IMPLICIT_RETAIN_SELF = YES;
				CLANG_WARN_OBJC_LITERAL_CONVERSION = YES;
				CLANG_WARN_OBJC_ROOT_CLASS = YES_ERROR;
				CLANG_WARN_QUOTED_INCLUDE_IN_FRAMEWORK_HEADER = YES;
				CLANG_WARN_RANGE_LOOP_ANALYSIS = YES;
				CLANG_WARN_STRICT_PROTOTYPES = YES;
				CLANG_WARN_SUSPICIOUS_MOVE = YES;
				CLANG_WARN_UNGUARDED_AVAILABILITY = YES_AGGRESSIVE;
				CLANG_WARN_UNREACHABLE_CODE = YES;
				CLANG_WARN__DUPLICATE_METHOD_MATCH = YES;
				COPY_PHASE_STRIP = NO;
				DEBUG_INFORMATION_FORMAT = dwarf;
				ENABLE_STRICT_OBJC_MSGSEND = YES;
				ENABLE_TESTABILITY = YES;
				ENABLE_USER_SCRIPT_SANDBOXING = YES;
				GCC_C_LANGUAGE_STANDARD = gnu17;
				GCC_DYNAMIC_NO_PIC = NO;
				GCC_NO_COMMON_BLOCKS = YES;
				GCC_OPTIMIZATION_LEVEL = 0;
				GCC_PREPROCESSOR_DEFINITIONS = (
					"DEBUG=1",
					"$(inherited)",
				);
				GCC_WARN_64_TO_32_BIT_CONVERSION = YES;
				GCC_WARN_ABOUT_RETURN_TYPE = YES_ERROR;
				GCC_WARN_UNDECLARED_SELECTOR = YES;
				GCC_WARN_UNINITIALIZED_AUTOS = YES_AGGRESSIVE;
				GCC_WARN_UNUSED_FUNCTION = YES;
				GCC_WARN_UNUSED_VARIABLE = YES;
				LOCALIZATION_PREFERS_STRING_CATALOGS = YES;
				MACOSX_DEPLOYMENT_TARGET = 14.0;
				MTL_ENABLE_DEBUG_INFO = INCLUDE_SOURCE;
				MTL_FAST_MATH = YES;
				ONLY_ACTIVE_ARCH = YES;
				SDKROOT = macosx;
				SWIFT_ACTIVE_COMPILATION_CONDITIONS = "DEBUG $(inherited)";
				SWIFT_OPTIMIZATION_LEVEL = "-Onone";
			};
			name = Debug;
		};
		5A9598612AE7911300BA2635 /* Release */ = {
			isa = XCBuildConfiguration;
			buildSettings = {
				ALWAYS_SEARCH_USER_PATHS = NO;
				ASSETCATALOG_COMPILER_GENERATE_SWIFT_ASSET_SYMBOL_EXTENSIONS = YES;
				CLANG_ANALYZER_NONNULL = YES;
				CLANG_ANALYZER_NUMBER_OBJECT_CONVERSION = YES_AGGRESSIVE;
				CLANG_CXX_LANGUAGE_STANDARD = "gnu++20";
				CLANG_ENABLE_MODULES = YES;
				CLANG_ENABLE_OBJC_ARC = YES;
				CLANG_ENABLE_OBJC_WEAK = YES;
				CLANG_WARN_BLOCK_CAPTURE_AUTORELEASING = YES;
				CLANG_WARN_BOOL_CONVERSION = YES;
				CLANG_WARN_COMMA = YES;
				CLANG_WARN_CONSTANT_CONVERSION = YES;
				CLANG_WARN_DEPRECATED_OBJC_IMPLEMENTATIONS = YES;
				CLANG_WARN_DIRECT_OBJC_ISA_USAGE = YES_ERROR;
				CLANG_WARN_DOCUMENTATION_COMMENTS = YES;
				CLANG_WARN_EMPTY_BODY = YES;
				CLANG_WARN_ENUM_CONVERSION = YES;
				CLANG_WARN_INFINITE_RECURSION = YES;
				CLANG_WARN_INT_CONVERSION = YES;
				CLANG_WARN_NON_LITERAL_NULL_CONVERSION = YES;
				CLANG_WARN_OBJC_IMPLICIT_RETAIN_SELF = YES;
				CLANG_WARN_OBJC_LITERAL_CONVERSION = YES;
				CLANG_WARN_OBJC_ROOT_CLASS = YES_ERROR;
				CLANG_WARN_QUOTED_INCLUDE_IN_FRAMEWORK_HEADER = YES;
				CLANG_WARN_RANGE_LOOP_ANALYSIS = YES;
				CLANG_WARN_STRICT_PROTOTYPES = YES;
				CLANG_WARN_SUSPICIOUS_MOVE = YES;
				CLANG_WARN_UNGUARDED_AVAILABILITY = YES_AGGRESSIVE;
				CLANG_WARN_UNREACHABLE_CODE = YES;
				CLANG_WARN__DUPLICATE_METHOD_MATCH = YES;
				COPY_PHASE_STRIP = NO;
				DEBUG_INFORMATION_FORMAT = "dwarf-with-dsym";
				ENABLE_NS_ASSERTIONS = NO;
				ENABLE_STRICT_OBJC_MSGSEND = YES;
				ENABLE_USER_SCRIPT_SANDBOXING = YES;
				GCC_C_LANGUAGE_STANDARD = gnu17;
				GCC_NO_COMMON_BLOCKS = YES;
				GCC_WARN_64_TO_32_BIT_CONVERSION = YES;
				GCC_WARN_ABOUT_RETURN_TYPE = YES_ERROR;
				GCC_WARN_UNDECLARED_SELECTOR = YES;
				GCC_WARN_UNINITIALIZED_AUTOS = YES_AGGRESSIVE;
				GCC_WARN_UNUSED_FUNCTION = YES;
				GCC_WARN_UNUSED_VARIABLE = YES;
				LOCALIZATION_PREFERS_STRING_CATALOGS = YES;
				MACOSX_DEPLOYMENT_TARGET = 14.0;
				MTL_ENABLE_DEBUG_INFO = NO;
				MTL_FAST_MATH = YES;
				SDKROOT = macosx;
				SWIFT_COMPILATION_MODE = wholemodule;
			};
			name = Release;
		};
		5A9598632AE7911300BA2635 /* Debug */ = {
			isa = XCBuildConfiguration;
			buildSettings = {
				CODE_SIGN_STYLE = Automatic;
				PRODUCT_NAME = "$(TARGET_NAME)";
				SWIFT_VERSION = 5.0;
			};
			name = Debug;
		};
		5A9598642AE7911300BA2635 /* Release */ = {
			isa = XCBuildConfiguration;
			buildSettings = {
				CODE_SIGN_STYLE = Automatic;
				PRODUCT_NAME = "$(TARGET_NAME)";
				SWIFT_VERSION = 5.0;
			};
			name = Release;
		};
/* End XCBuildConfiguration section */

/* Begin XCConfigurationList section */
		5A9598562AE7911200BA2635 /* Build configuration list for PBXProject "Grammer" */ = {
			isa = XCConfigurationList;
			buildConfigurations = (
				5A9598602AE7911300BA2635 /* Debug */,
				5A9598612AE7911300BA2635 /* Release */,
			);
			defaultConfigurationIsVisible = 0;
			defaultConfigurationName = Release;
		};
		5A9598622AE7911300BA2635 /* Build configuration list for PBXNativeTarget "Grammer" */ = {
			isa = XCConfigurationList;
			buildConfigurations = (
				5A9598632AE7911300BA2635 /* Debug */,
				5A9598642AE7911300BA2635 /* Release */,
			);
			defaultConfigurationIsVisible = 0;
			defaultConfigurationName = Release;
		};
/* End XCConfigurationList section */
	};
	rootObject = 5A9598532AE7911200BA2635 /* Project object */;
}
