// !$*UTF8*$!
{
	archiveVersion = 1;
	classes = {
	};
	objectVersion = 56;
	objects = {

/* Begin PBXBuildFile section */
		5AAF049A2AF0AF0600F25166 /* Calculator_ver_2App.swift in Sources */ = {isa = PBXBuildFile; fileRef = 5AAF04992AF0AF0600F25166 /* Calculator_ver_2App.swift */; };
		5AAF049C2AF0AF0600F25166 /* ContentView.swift in Sources */ = {isa = PBXBuildFile; fileRef = 5AAF049B2AF0AF0600F25166 /* ContentView.swift */; };
		5AAF049E2AF0AF0700F25166 /* Assets.xcassets in Resources */ = {isa = PBXBuildFile; fileRef = 5AAF049D2AF0AF0700F25166 /* Assets.xcassets */; };
		5AAF04A12AF0AF0700F25166 /* Preview Assets.xcassets in Resources */ = {isa = PBXBuildFile; fileRef = 5AAF04A02AF0AF0700F25166 /* Preview Assets.xcassets */; };
		5AAF04AB2AF0AF0700F25166 /* Calculator_ver_2Tests.swift in Sources */ = {isa = PBXBuildFile; fileRef = 5AAF04AA2AF0AF0700F25166 /* Calculator_ver_2Tests.swift */; };
		5AAF04B52AF0AF0700F25166 /* Calculator_ver_2UITests.swift in Sources */ = {isa = PBXBuildFile; fileRef = 5AAF04B42AF0AF0700F25166 /* Calculator_ver_2UITests.swift */; };
		5AAF04B72AF0AF0700F25166 /* Calculator_ver_2UITestsLaunchTests.swift in Sources */ = {isa = PBXBuildFile; fileRef = 5AAF04B62AF0AF0700F25166 /* Calculator_ver_2UITestsLaunchTests.swift */; };
/* End PBXBuildFile section */

/* Begin PBXContainerItemProxy section */
		5AAF04A72AF0AF0700F25166 /* PBXContainerItemProxy */ = {
			isa = PBXContainerItemProxy;
			containerPortal = 5AAF048E2AF0AF0600F25166 /* Project object */;
			proxyType = 1;
			remoteGlobalIDString = 5AAF04952AF0AF0600F25166;
			remoteInfo = Calculator_ver.2;
		};
		5AAF04B12AF0AF0700F25166 /* PBXContainerItemProxy */ = {
			isa = PBXContainerItemProxy;
			containerPortal = 5AAF048E2AF0AF0600F25166 /* Project object */;
			proxyType = 1;
			remoteGlobalIDString = 5AAF04952AF0AF0600F25166;
			remoteInfo = Calculator_ver.2;
		};
/* End PBXContainerItemProxy section */

/* Begin PBXFileReference section */
		5AAF04962AF0AF0600F25166 /* Calculator_ver.2.app */ = {isa = PBXFileReference; explicitFileType = wrapper.application; includeInIndex = 0; path = Calculator_ver.2.app; sourceTree = BUILT_PRODUCTS_DIR; };
		5AAF04992AF0AF0600F25166 /* Calculator_ver_2App.swift */ = {isa = PBXFileReference; lastKnownFileType = sourcecode.swift; path = Calculator_ver_2App.swift; sourceTree = "<group>"; };
		5AAF049B2AF0AF0600F25166 /* ContentView.swift */ = {isa = PBXFileReference; lastKnownFileType = sourcecode.swift; path = ContentView.swift; sourceTree = "<group>"; };
		5AAF049D2AF0AF0700F25166 /* Assets.xcassets */ = {isa = PBXFileReference; lastKnownFileType = folder.assetcatalog; path = Assets.xcassets; sourceTree = "<group>"; };
		5AAF04A02AF0AF0700F25166 /* Preview Assets.xcassets */ = {isa = PBXFileReference; lastKnownFileType = folder.assetcatalog; path = "Preview Assets.xcassets"; sourceTree = "<group>"; };
		5AAF04A62AF0AF0700F25166 /* Calculator_ver.2Tests.xctest */ = {isa = PBXFileReference; explicitFileType = wrapper.cfbundle; includeInIndex = 0; path = Calculator_ver.2Tests.xctest; sourceTree = BUILT_PRODUCTS_DIR; };
		5AAF04AA2AF0AF0700F25166 /* Calculator_ver_2Tests.swift */ = {isa = PBXFileReference; lastKnownFileType = sourcecode.swift; path = Calculator_ver_2Tests.swift; sourceTree = "<group>"; };
		5AAF04B02AF0AF0700F25166 /* Calculator_ver.2UITests.xctest */ = {isa = PBXFileReference; explicitFileType = wrapper.cfbundle; includeInIndex = 0; path = Calculator_ver.2UITests.xctest; sourceTree = BUILT_PRODUCTS_DIR; };
		5AAF04B42AF0AF0700F25166 /* Calculator_ver_2UITests.swift */ = {isa = PBXFileReference; lastKnownFileType = sourcecode.swift; path = Calculator_ver_2UITests.swift; sourceTree = "<group>"; };
		5AAF04B62AF0AF0700F25166 /* Calculator_ver_2UITestsLaunchTests.swift */ = {isa = PBXFileReference; lastKnownFileType = sourcecode.swift; path = Calculator_ver_2UITestsLaunchTests.swift; sourceTree = "<group>"; };
/* End PBXFileReference section */

/* Begin PBXFrameworksBuildPhase section */
		5AAF04932AF0AF0600F25166 /* Frameworks */ = {
			isa = PBXFrameworksBuildPhase;
			buildActionMask = 2147483647;
			files = (
			);
			runOnlyForDeploymentPostprocessing = 0;
		};
		5AAF04A32AF0AF0700F25166 /* Frameworks */ = {
			isa = PBXFrameworksBuildPhase;
			buildActionMask = 2147483647;
			files = (
			);
			runOnlyForDeploymentPostprocessing = 0;
		};
		5AAF04AD2AF0AF0700F25166 /* Frameworks */ = {
			isa = PBXFrameworksBuildPhase;
			buildActionMask = 2147483647;
			files = (
			);
			runOnlyForDeploymentPostprocessing = 0;
		};
/* End PBXFrameworksBuildPhase section */

/* Begin PBXGroup section */
		5AAF048D2AF0AF0600F25166 = {
			isa = PBXGroup;
			children = (
				5AAF04982AF0AF0600F25166 /* Calculator_ver.2 */,
				5AAF04A92AF0AF0700F25166 /* Calculator_ver.2Tests */,
				5AAF04B32AF0AF0700F25166 /* Calculator_ver.2UITests */,
				5AAF04972AF0AF0600F25166 /* Products */,
			);
			sourceTree = "<group>";
		};
		5AAF04972AF0AF0600F25166 /* Products */ = {
			isa = PBXGroup;
			children = (
				5AAF04962AF0AF0600F25166 /* Calculator_ver.2.app */,
				5AAF04A62AF0AF0700F25166 /* Calculator_ver.2Tests.xctest */,
				5AAF04B02AF0AF0700F25166 /* Calculator_ver.2UITests.xctest */,
			);
			name = Products;
			sourceTree = "<group>";
		};
		5AAF04982AF0AF0600F25166 /* Calculator_ver.2 */ = {
			isa = PBXGroup;
			children = (
				5AAF049B2AF0AF0600F25166 /* ContentView.swift */,
				5AAF049D2AF0AF0700F25166 /* Assets.xcassets */,
				5AAF04992AF0AF0600F25166 /* Calculator_ver_2App.swift */,
				5AAF049F2AF0AF0700F25166 /* Preview Content */,
			);
			path = Calculator_ver.2;
			sourceTree = "<group>";
		};
		5AAF049F2AF0AF0700F25166 /* Preview Content */ = {
			isa = PBXGroup;
			children = (
				5AAF04A02AF0AF0700F25166 /* Preview Assets.xcassets */,
			);
			path = "Preview Content";
			sourceTree = "<group>";
		};
		5AAF04A92AF0AF0700F25166 /* Calculator_ver.2Tests */ = {
			isa = PBXGroup;
			children = (
				5AAF04AA2AF0AF0700F25166 /* Calculator_ver_2Tests.swift */,
			);
			path = Calculator_ver.2Tests;
			sourceTree = "<group>";
		};
		5AAF04B32AF0AF0700F25166 /* Calculator_ver.2UITests */ = {
			isa = PBXGroup;
			children = (
				5AAF04B42AF0AF0700F25166 /* Calculator_ver_2UITests.swift */,
				5AAF04B62AF0AF0700F25166 /* Calculator_ver_2UITestsLaunchTests.swift */,
			);
			path = Calculator_ver.2UITests;
			sourceTree = "<group>";
		};
/* End PBXGroup section */

/* Begin PBXNativeTarget section */
		5AAF04952AF0AF0600F25166 /* Calculator_ver.2 */ = {
			isa = PBXNativeTarget;
			buildConfigurationList = 5AAF04BA2AF0AF0700F25166 /* Build configuration list for PBXNativeTarget "Calculator_ver.2" */;
			buildPhases = (
				5AAF04922AF0AF0600F25166 /* Sources */,
				5AAF04932AF0AF0600F25166 /* Frameworks */,
				5AAF04942AF0AF0600F25166 /* Resources */,
			);
			buildRules = (
			);
			dependencies = (
			);
			name = Calculator_ver.2;
			productName = Calculator_ver.2;
			productReference = 5AAF04962AF0AF0600F25166 /* Calculator_ver.2.app */;
			productType = "com.apple.product-type.application";
		};
		5AAF04A52AF0AF0700F25166 /* Calculator_ver.2Tests */ = {
			isa = PBXNativeTarget;
			buildConfigurationList = 5AAF04BD2AF0AF0700F25166 /* Build configuration list for PBXNativeTarget "Calculator_ver.2Tests" */;
			buildPhases = (
				5AAF04A22AF0AF0700F25166 /* Sources */,
				5AAF04A32AF0AF0700F25166 /* Frameworks */,
				5AAF04A42AF0AF0700F25166 /* Resources */,
			);
			buildRules = (
			);
			dependencies = (
				5AAF04A82AF0AF0700F25166 /* PBXTargetDependency */,
			);
			name = Calculator_ver.2Tests;
			productName = Calculator_ver.2Tests;
			productReference = 5AAF04A62AF0AF0700F25166 /* Calculator_ver.2Tests.xctest */;
			productType = "com.apple.product-type.bundle.unit-test";
		};
		5AAF04AF2AF0AF0700F25166 /* Calculator_ver.2UITests */ = {
			isa = PBXNativeTarget;
			buildConfigurationList = 5AAF04C02AF0AF0700F25166 /* Build configuration list for PBXNativeTarget "Calculator_ver.2UITests" */;
			buildPhases = (
				5AAF04AC2AF0AF0700F25166 /* Sources */,
				5AAF04AD2AF0AF0700F25166 /* Frameworks */,
				5AAF04AE2AF0AF0700F25166 /* Resources */,
			);
			buildRules = (
			);
			dependencies = (
				5AAF04B22AF0AF0700F25166 /* PBXTargetDependency */,
			);
			name = Calculator_ver.2UITests;
			productName = Calculator_ver.2UITests;
			productReference = 5AAF04B02AF0AF0700F25166 /* Calculator_ver.2UITests.xctest */;
			productType = "com.apple.product-type.bundle.ui-testing";
		};
/* End PBXNativeTarget section */

/* Begin PBXProject section */
		5AAF048E2AF0AF0600F25166 /* Project object */ = {
			isa = PBXProject;
			attributes = {
				BuildIndependentTargetsInParallel = 1;
				LastSwiftUpdateCheck = 1430;
				LastUpgradeCheck = 1430;
				TargetAttributes = {
					5AAF04952AF0AF0600F25166 = {
						CreatedOnToolsVersion = 14.3.1;
					};
					5AAF04A52AF0AF0700F25166 = {
						CreatedOnToolsVersion = 14.3.1;
						TestTargetID = 5AAF04952AF0AF0600F25166;
					};
					5AAF04AF2AF0AF0700F25166 = {
						CreatedOnToolsVersion = 14.3.1;
						TestTargetID = 5AAF04952AF0AF0600F25166;
					};
				};
			};
			buildConfigurationList = 5AAF04912AF0AF0600F25166 /* Build configuration list for PBXProject "Calculator_ver.2" */;
			compatibilityVersion = "Xcode 14.0";
			developmentRegion = en;
			hasScannedForEncodings = 0;
			knownRegions = (
				en,
				Base,
			);
			mainGroup = 5AAF048D2AF0AF0600F25166;
			productRefGroup = 5AAF04972AF0AF0600F25166 /* Products */;
			projectDirPath = "";
			projectRoot = "";
			targets = (
				5AAF04952AF0AF0600F25166 /* Calculator_ver.2 */,
				5AAF04A52AF0AF0700F25166 /* Calculator_ver.2Tests */,
				5AAF04AF2AF0AF0700F25166 /* Calculator_ver.2UITests */,
			);
		};
/* End PBXProject section */

/* Begin PBXResourcesBuildPhase section */
		5AAF04942AF0AF0600F25166 /* Resources */ = {
			isa = PBXResourcesBuildPhase;
			buildActionMask = 2147483647;
			files = (
				5AAF04A12AF0AF0700F25166 /* Preview Assets.xcassets in Resources */,
				5AAF049E2AF0AF0700F25166 /* Assets.xcassets in Resources */,
			);
			runOnlyForDeploymentPostprocessing = 0;
		};
		5AAF04A42AF0AF0700F25166 /* Resources */ = {
			isa = PBXResourcesBuildPhase;
			buildActionMask = 2147483647;
			files = (
			);
			runOnlyForDeploymentPostprocessing = 0;
		};
		5AAF04AE2AF0AF0700F25166 /* Resources */ = {
			isa = PBXResourcesBuildPhase;
			buildActionMask = 2147483647;
			files = (
			);
			runOnlyForDeploymentPostprocessing = 0;
		};
/* End PBXResourcesBuildPhase section */

/* Begin PBXSourcesBuildPhase section */
		5AAF04922AF0AF0600F25166 /* Sources */ = {
			isa = PBXSourcesBuildPhase;
			buildActionMask = 2147483647;
			files = (
				5AAF049C2AF0AF0600F25166 /* ContentView.swift in Sources */,
				5AAF049A2AF0AF0600F25166 /* Calculator_ver_2App.swift in Sources */,
			);
			runOnlyForDeploymentPostprocessing = 0;
		};
		5AAF04A22AF0AF0700F25166 /* Sources */ = {
			isa = PBXSourcesBuildPhase;
			buildActionMask = 2147483647;
			files = (
				5AAF04AB2AF0AF0700F25166 /* Calculator_ver_2Tests.swift in Sources */,
			);
			runOnlyForDeploymentPostprocessing = 0;
		};
		5AAF04AC2AF0AF0700F25166 /* Sources */ = {
			isa = PBXSourcesBuildPhase;
			buildActionMask = 2147483647;
			files = (
				5AAF04B52AF0AF0700F25166 /* Calculator_ver_2UITests.swift in Sources */,
				5AAF04B72AF0AF0700F25166 /* Calculator_ver_2UITestsLaunchTests.swift in Sources */,
			);
			runOnlyForDeploymentPostprocessing = 0;
		};
/* End PBXSourcesBuildPhase section */

/* Begin PBXTargetDependency section */
		5AAF04A82AF0AF0700F25166 /* PBXTargetDependency */ = {
			isa = PBXTargetDependency;
			target = 5AAF04952AF0AF0600F25166 /* Calculator_ver.2 */;
			targetProxy = 5AAF04A72AF0AF0700F25166 /* PBXContainerItemProxy */;
		};
		5AAF04B22AF0AF0700F25166 /* PBXTargetDependency */ = {
			isa = PBXTargetDependency;
			target = 5AAF04952AF0AF0600F25166 /* Calculator_ver.2 */;
			targetProxy = 5AAF04B12AF0AF0700F25166 /* PBXContainerItemProxy */;
		};
/* End PBXTargetDependency section */

/* Begin XCBuildConfiguration section */
		5AAF04B82AF0AF0700F25166 /* Debug */ = {
			isa = XCBuildConfiguration;
			buildSettings = {
				ALWAYS_SEARCH_USER_PATHS = NO;
				CLANG_ANALYZER_NONNULL = YES;
				CLANG_ANALYZER_NUMBER_OBJECT_CONVERSION = YES_AGGRESSIVE;
				CLANG_CXX_LANGUAGE_STANDARD = "gnu++20";
				CLANG_ENABLE_MODULES = YES;
				CLANG_ENABLE_OBJC_ARC = YES;
				CLANG_ENABLE_OBJC_WEAK = YES;
				CLANG_WARN_BLOCK_CAPTURE_AUTORELEASING = YES;
				CLANG_WARN_BOOL_CONVERSION = YES;
				CLANG_WARN_COMMA = YES;
				CLANG_WARN_CONSTANT_CONVERSION = YES;
				CLANG_WARN_DEPRECATED_OBJC_IMPLEMENTATIONS = YES;
				CLANG_WARN_DIRECT_OBJC_ISA_USAGE = YES_ERROR;
				CLANG_WARN_DOCUMENTATION_COMMENTS = YES;
				CLANG_WARN_EMPTY_BODY = YES;
				CLANG_WARN_ENUM_CONVERSION = YES;
				CLANG_WARN_INFINITE_RECURSION = YES;
				CLANG_WARN_INT_CONVERSION = YES;
				CLANG_WARN_NON_LITERAL_NULL_CONVERSION = YES;
				CLANG_WARN_OBJC_IMPLICIT_RETAIN_SELF = YES;
				CLANG_WARN_OBJC_LITERAL_CONVERSION = YES;
				CLANG_WARN_OBJC_ROOT_CLASS = YES_ERROR;
				CLANG_WARN_QUOTED_INCLUDE_IN_FRAMEWORK_HEADER = YES;
				CLANG_WARN_RANGE_LOOP_ANALYSIS = YES;
				CLANG_WARN_STRICT_PROTOTYPES = YES;
				CLANG_WARN_SUSPICIOUS_MOVE = YES;
				CLANG_WARN_UNGUARDED_AVAILABILITY = YES_AGGRESSIVE;
				CLANG_WARN_UNREACHABLE_CODE = YES;
				CLANG_WARN__DUPLICATE_METHOD_MATCH = YES;
				COPY_PHASE_STRIP = NO;
				DEBUG_INFORMATION_FORMAT = dwarf;
				ENABLE_STRICT_OBJC_MSGSEND = YES;
				ENABLE_TESTABILITY = YES;
				GCC_C_LANGUAGE_STANDARD = gnu11;
				GCC_DYNAMIC_NO_PIC = NO;
				GCC_NO_COMMON_BLOCKS = YES;
				GCC_OPTIMIZATION_LEVEL = 0;
				GCC_PREPROCESSOR_DEFINITIONS = (
					"DEBUG=1",
					"$(inherited)",
				);
				GCC_WARN_64_TO_32_BIT_CONVERSION = YES;
				GCC_WARN_ABOUT_RETURN_TYPE = YES_ERROR;
				GCC_WARN_UNDECLARED_SELECTOR = YES;
				GCC_WARN_UNINITIALIZED_AUTOS = YES_AGGRESSIVE;
				GCC_WARN_UNUSED_FUNCTION = YES;
				GCC_WARN_UNUSED_VARIABLE = YES;
				IPHONEOS_DEPLOYMENT_TARGET = 16.4;
				MTL_ENABLE_DEBUG_INFO = INCLUDE_SOURCE;
				MTL_FAST_MATH = YES;
				ONLY_ACTIVE_ARCH = YES;
				SDKROOT = iphoneos;
				SWIFT_ACTIVE_COMPILATION_CONDITIONS = DEBUG;
				SWIFT_OPTIMIZATION_LEVEL = "-Onone";
			};
			name = Debug;
		};
		5AAF04B92AF0AF0700F25166 /* Release */ = {
			isa = XCBuildConfiguration;
			buildSettings = {
				ALWAYS_SEARCH_USER_PATHS = NO;
				CLANG_ANALYZER_NONNULL = YES;
				CLANG_ANALYZER_NUMBER_OBJECT_CONVERSION = YES_AGGRESSIVE;
				CLANG_CXX_LANGUAGE_STANDARD = "gnu++20";
				CLANG_ENABLE_MODULES = YES;
				CLANG_ENABLE_OBJC_ARC = YES;
				CLANG_ENABLE_OBJC_WEAK = YES;
				CLANG_WARN_BLOCK_CAPTURE_AUTORELEASING = YES;
				CLANG_WARN_BOOL_CONVERSION = YES;
				CLANG_WARN_COMMA = YES;
				CLANG_WARN_CONSTANT_CONVERSION = YES;
				CLANG_WARN_DEPRECATED_OBJC_IMPLEMENTATIONS = YES;
				CLANG_WARN_DIRECT_OBJC_ISA_USAGE = YES_ERROR;
				CLANG_WARN_DOCUMENTATION_COMMENTS = YES;
				CLANG_WARN_EMPTY_BODY = YES;
				CLANG_WARN_ENUM_CONVERSION = YES;
				CLANG_WARN_INFINITE_RECURSION = YES;
				CLANG_WARN_INT_CONVERSION = YES;
				CLANG_WARN_NON_LITERAL_NULL_CONVERSION = YES;
				CLANG_WARN_OBJC_IMPLICIT_RETAIN_SELF = YES;
				CLANG_WARN_OBJC_LITERAL_CONVERSION = YES;
				CLANG_WARN_OBJC_ROOT_CLASS = YES_ERROR;
				CLANG_WARN_QUOTED_INCLUDE_IN_FRAMEWORK_HEADER = YES;
				CLANG_WARN_RANGE_LOOP_ANALYSIS = YES;
				CLANG_WARN_STRICT_PROTOTYPES = YES;
				CLANG_WARN_SUSPICIOUS_MOVE = YES;
				CLANG_WARN_UNGUARDED_AVAILABILITY = YES_AGGRESSIVE;
				CLANG_WARN_UNREACHABLE_CODE = YES;
				CLANG_WARN__DUPLICATE_METHOD_MATCH = YES;
				COPY_PHASE_STRIP = NO;
				DEBUG_INFORMATION_FORMAT = "dwarf-with-dsym";
				ENABLE_NS_ASSERTIONS = NO;
				ENABLE_STRICT_OBJC_MSGSEND = YES;
				GCC_C_LANGUAGE_STANDARD = gnu11;
				GCC_NO_COMMON_BLOCKS = YES;
				GCC_WARN_64_TO_32_BIT_CONVERSION = YES;
				GCC_WARN_ABOUT_RETURN_TYPE = YES_ERROR;
				GCC_WARN_UNDECLARED_SELECTOR = YES;
				GCC_WARN_UNINITIALIZED_AUTOS = YES_AGGRESSIVE;
				GCC_WARN_UNUSED_FUNCTION = YES;
				GCC_WARN_UNUSED_VARIABLE = YES;
				IPHONEOS_DEPLOYMENT_TARGET = 16.4;
				MTL_ENABLE_DEBUG_INFO = NO;
				MTL_FAST_MATH = YES;
				SDKROOT = iphoneos;
				SWIFT_COMPILATION_MODE = wholemodule;
				SWIFT_OPTIMIZATION_LEVEL = "-O";
				VALIDATE_PRODUCT = YES;
			};
			name = Release;
		};
		5AAF04BB2AF0AF0700F25166 /* Debug */ = {
			isa = XCBuildConfiguration;
			buildSettings = {
				ASSETCATALOG_COMPILER_APPICON_NAME = AppIcon;
				ASSETCATALOG_COMPILER_GLOBAL_ACCENT_COLOR_NAME = AccentColor;
				CODE_SIGN_STYLE = Automatic;
				CURRENT_PROJECT_VERSION = 1;
				DEVELOPMENT_ASSET_PATHS = "\"Calculator_ver.2/Preview Content\"";
				ENABLE_PREVIEWS = YES;
				GENERATE_INFOPLIST_FILE = YES;
				INFOPLIST_KEY_UIApplicationSceneManifest_Generation = YES;
				INFOPLIST_KEY_UIApplicationSupportsIndirectInputEvents = YES;
				INFOPLIST_KEY_UILaunchScreen_Generation = YES;
				INFOPLIST_KEY_UISupportedInterfaceOrientations_iPad = "UIInterfaceOrientationPortrait UIInterfaceOrientationPortraitUpsideDown UIInterfaceOrientationLandscapeLeft UIInterfaceOrientationLandscapeRight";
				INFOPLIST_KEY_UISupportedInterfaceOrientations_iPhone = "UIInterfaceOrientationPortrait UIInterfaceOrientationLandscapeLeft UIInterfaceOrientationLandscapeRight";
				LD_RUNPATH_SEARCH_PATHS = (
					"$(inherited)",
					"@executable_path/Frameworks",
				);
				MARKETING_VERSION = 1.0;
				PRODUCT_BUNDLE_IDENTIFIER = "Sample.Calculator-ver-2";
				PRODUCT_NAME = "$(TARGET_NAME)";
				SWIFT_EMIT_LOC_STRINGS = YES;
				SWIFT_VERSION = 5.0;
				TARGETED_DEVICE_FAMILY = "1,2";
			};
			name = Debug;
		};
		5AAF04BC2AF0AF0700F25166 /* Release */ = {
			isa = XCBuildConfiguration;
			buildSettings = {
				ASSETCATALOG_COMPILER_APPICON_NAME = AppIcon;
				ASSETCATALOG_COMPILER_GLOBAL_ACCENT_COLOR_NAME = AccentColor;
				CODE_SIGN_STYLE = Automatic;
				CURRENT_PROJECT_VERSION = 1;
				DEVELOPMENT_ASSET_PATHS = "\"Calculator_ver.2/Preview Content\"";
				ENABLE_PREVIEWS = YES;
				GENERATE_INFOPLIST_FILE = YES;
				INFOPLIST_KEY_UIApplicationSceneManifest_Generation = YES;
				INFOPLIST_KEY_UIApplicationSupportsIndirectInputEvents = YES;
				INFOPLIST_KEY_UILaunchScreen_Generation = YES;
				INFOPLIST_KEY_UISupportedInterfaceOrientations_iPad = "UIInterfaceOrientationPortrait UIInterfaceOrientationPortraitUpsideDown UIInterfaceOrientationLandscapeLeft UIInterfaceOrientationLandscapeRight";
				INFOPLIST_KEY_UISupportedInterfaceOrientations_iPhone = "UIInterfaceOrientationPortrait UIInterfaceOrientationLandscapeLeft UIInterfaceOrientationLandscapeRight";
				LD_RUNPATH_SEARCH_PATHS = (
					"$(inherited)",
					"@executable_path/Frameworks",
				);
				MARKETING_VERSION = 1.0;
				PRODUCT_BUNDLE_IDENTIFIER = "Sample.Calculator-ver-2";
				PRODUCT_NAME = "$(TARGET_NAME)";
				SWIFT_EMIT_LOC_STRINGS = YES;
				SWIFT_VERSION = 5.0;
				TARGETED_DEVICE_FAMILY = "1,2";
			};
			name = Release;
		};
		5AAF04BE2AF0AF0700F25166 /* Debug */ = {
			isa = XCBuildConfiguration;
			buildSettings = {
				ALWAYS_EMBED_SWIFT_STANDARD_LIBRARIES = YES;
				BUNDLE_LOADER = "$(TEST_HOST)";
				CODE_SIGN_STYLE = Automatic;
				CURRENT_PROJECT_VERSION = 1;
				GENERATE_INFOPLIST_FILE = YES;
				IPHONEOS_DEPLOYMENT_TARGET = 16.4;
				MARKETING_VERSION = 1.0;
				PRODUCT_BUNDLE_IDENTIFIER = "Sample.Calculator-ver-2Tests";
				PRODUCT_NAME = "$(TARGET_NAME)";
				SWIFT_EMIT_LOC_STRINGS = NO;
				SWIFT_VERSION = 5.0;
				TARGETED_DEVICE_FAMILY = "1,2";
				TEST_HOST = "$(BUILT_PRODUCTS_DIR)/Calculator_ver.2.app/$(BUNDLE_EXECUTABLE_FOLDER_PATH)/Calculator_ver.2";
			};
			name = Debug;
		};
		5AAF04BF2AF0AF0700F25166 /* Release */ = {
			isa = XCBuildConfiguration;
			buildSettings = {
				ALWAYS_EMBED_SWIFT_STANDARD_LIBRARIES = YES;
				BUNDLE_LOADER = "$(TEST_HOST)";
				CODE_SIGN_STYLE = Automatic;
				CURRENT_PROJECT_VERSION = 1;
				GENERATE_INFOPLIST_FILE = YES;
				IPHONEOS_DEPLOYMENT_TARGET = 16.4;
				MARKETING_VERSION = 1.0;
				PRODUCT_BUNDLE_IDENTIFIER = "Sample.Calculator-ver-2Tests";
				PRODUCT_NAME = "$(TARGET_NAME)";
				SWIFT_EMIT_LOC_STRINGS = NO;
				SWIFT_VERSION = 5.0;
				TARGETED_DEVICE_FAMILY = "1,2";
				TEST_HOST = "$(BUILT_PRODUCTS_DIR)/Calculator_ver.2.app/$(BUNDLE_EXECUTABLE_FOLDER_PATH)/Calculator_ver.2";
			};
			name = Release;
		};
		5AAF04C12AF0AF0700F25166 /* Debug */ = {
			isa = XCBuildConfiguration;
			buildSettings = {
				ALWAYS_EMBED_SWIFT_STANDARD_LIBRARIES = YES;
				CODE_SIGN_STYLE = Automatic;
				CURRENT_PROJECT_VERSION = 1;
				GENERATE_INFOPLIST_FILE = YES;
				MARKETING_VERSION = 1.0;
				PRODUCT_BUNDLE_IDENTIFIER = "Sample.Calculator-ver-2UITests";
				PRODUCT_NAME = "$(TARGET_NAME)";
				SWIFT_EMIT_LOC_STRINGS = NO;
				SWIFT_VERSION = 5.0;
				TARGETED_DEVICE_FAMILY = "1,2";
				TEST_TARGET_NAME = Calculator_ver.2;
			};
			name = Debug;
		};
		5AAF04C22AF0AF0700F25166 /* Release */ = {
			isa = XCBuildConfiguration;
			buildSettings = {
				ALWAYS_EMBED_SWIFT_STANDARD_LIBRARIES = YES;
				CODE_SIGN_STYLE = Automatic;
				CURRENT_PROJECT_VERSION = 1;
				GENERATE_INFOPLIST_FILE = YES;
				MARKETING_VERSION = 1.0;
				PRODUCT_BUNDLE_IDENTIFIER = "Sample.Calculator-ver-2UITests";
				PRODUCT_NAME = "$(TARGET_NAME)";
				SWIFT_EMIT_LOC_STRINGS = NO;
				SWIFT_VERSION = 5.0;
				TARGETED_DEVICE_FAMILY = "1,2";
				TEST_TARGET_NAME = Calculator_ver.2;
			};
			name = Release;
		};
/* End XCBuildConfiguration section */

/* Begin XCConfigurationList section */
		5AAF04912AF0AF0600F25166 /* Build configuration list for PBXProject "Calculator_ver.2" */ = {
			isa = XCConfigurationList;
			buildConfigurations = (
				5AAF04B82AF0AF0700F25166 /* Debug */,
				5AAF04B92AF0AF0700F25166 /* Release */,
			);
			defaultConfigurationIsVisible = 0;
			defaultConfigurationName = Release;
		};
		5AAF04BA2AF0AF0700F25166 /* Build configuration list for PBXNativeTarget "Calculator_ver.2" */ = {
			isa = XCConfigurationList;
			buildConfigurations = (
				5AAF04BB2AF0AF0700F25166 /* Debug */,
				5AAF04BC2AF0AF0700F25166 /* Release */,
			);
			defaultConfigurationIsVisible = 0;
			defaultConfigurationName = Release;
		};
		5AAF04BD2AF0AF0700F25166 /* Build configuration list for PBXNativeTarget "Calculator_ver.2Tests" */ = {
			isa = XCConfigurationList;
			buildConfigurations = (
				5AAF04BE2AF0AF0700F25166 /* Debug */,
				5AAF04BF2AF0AF0700F25166 /* Release */,
			);
			defaultConfigurationIsVisible = 0;
			defaultConfigurationName = Release;
		};
		5AAF04C02AF0AF0700F25166 /* Build configuration list for PBXNativeTarget "Calculator_ver.2UITests" */ = {
			isa = XCConfigurationList;
			buildConfigurations = (
				5AAF04C12AF0AF0700F25166 /* Debug */,
				5AAF04C22AF0AF0700F25166 /* Release */,
			);
			defaultConfigurationIsVisible = 0;
			defaultConfigurationName = Release;
		};
/* End XCConfigurationList section */
	};
	rootObject = 5AAF048E2AF0AF0600F25166 /* Project object */;
}
