PODS:
  - Alamofire (5.4.0)
  - NMapsGeometry (1.0.1)
  - NMapsMap (3.17.0):
    - NMapsGeometry
  - SwiftyJSON (4.3.0)

DEPENDENCIES:
  - Alamofire (= 5.4)
  - NMapsMap
  - SwiftyJSON (~> 4.0)

SPEC REPOS:
  trunk:
    - Alamofire
    - NMapsGeometry
    - NMapsMap
    - SwiftyJSON

SPEC CHECKSUMS:
  Alamofire: 3b6a534a3df22db367e4dedeeca73d1ddfcf0e2f
  NMapsGeometry: 53c573ead66466681cf123f99f698dc8071a4b83
  NMapsMap: a5b909a31b6f3d27a670f6eb2ddc913c38975474
  SwiftyJSON: 6faa0040f8b59dead0ee07436cbf76b73c08fd08

PODFILE CHECKSUM: 554b9f57b5643edf3077c24fb4a9794cc70af3f3

COCOAPODS: 1.14.3
